// !$*UTF8*$!
{
	archiveVersion = 1;
	classes = {
	};
	objectVersion = 44;
	objects = {

/* Begin PBXBuildFile section */
		D31381550DD1D89C0002FF9C /* CandidateWindow.xib in Resources */ = {isa = PBXBuildFile; fileRef = D31381540DD1D89C0002FF9C /* CandidateWindow.xib */; };
		D31381570DD1D8BE0002FF9C /* InputModeWindow.xib in Resources */ = {isa = PBXBuildFile; fileRef = D31381560DD1D8BE0002FF9C /* InputModeWindow.xib */; };
		D322B8D10DDC8174002C33F9 /* AquaSKK.xib in Resources */ = {isa = PBXBuildFile; fileRef = D322B8D00DDC8174002C33F9 /* AquaSKK.xib */; };
		D35377A60DE936B5001A19F7 /* SKKServer.mm in Sources */ = {isa = PBXBuildFile; fileRef = D35377A50DE936B5001A19F7 /* SKKServer.mm */; };
		D3BD0F520E0CA7AA000DDBA0 /* SKKConstVars.mm in Sources */ = {isa = PBXBuildFile; fileRef = D3BD0F510E0CA7AA000DDBA0 /* SKKConstVars.mm */; };
		D3BD0F530E0CA7AA000DDBA0 /* SKKConstVars.mm in Sources */ = {isa = PBXBuildFile; fileRef = D3BD0F510E0CA7AA000DDBA0 /* SKKConstVars.mm */; };
		D3BD0F560E0CAA64000DDBA0 /* MacStateConfiguration.mm in Sources */ = {isa = PBXBuildFile; fileRef = D3BD0F550E0CAA64000DDBA0 /* MacStateConfiguration.mm */; };
		D3BD0F690E0CEA95000DDBA0 /* MacInputSessionParameter.mm in Sources */ = {isa = PBXBuildFile; fileRef = D3BD0F680E0CEA95000DDBA0 /* MacInputSessionParameter.mm */; };
		D3BD0F770E0CF5FF000DDBA0 /* SKKInputMode.cpp in Sources */ = {isa = PBXBuildFile; fileRef = D3BD0F750E0CF5FF000DDBA0 /* SKKInputMode.cpp */; };
		D3BD0F800E0CF826000DDBA0 /* SKKCandidate.cpp in Sources */ = {isa = PBXBuildFile; fileRef = D3BD0F790E0CF826000DDBA0 /* SKKCandidate.cpp */; };
		D3BD0F810E0CF826000DDBA0 /* SKKEntry.cpp in Sources */ = {isa = PBXBuildFile; fileRef = D3BD0F7D0E0CF826000DDBA0 /* SKKEntry.cpp */; };
		D3BD0F960E0D4AE8000DDBA0 /* MacInputModeWindow.mm in Sources */ = {isa = PBXBuildFile; fileRef = D3BD0F950E0D4AE8000DDBA0 /* MacInputModeWindow.mm */; };
		D3BE9ED00DE94078008802B8 /* MacCandidateWindow.mm in Sources */ = {isa = PBXBuildFile; fileRef = D3BE9ECD0DE94078008802B8 /* MacCandidateWindow.mm */; };
		D3BE9EE90DE9424A008802B8 /* CandidateCell.mm in Sources */ = {isa = PBXBuildFile; fileRef = D3BE9EDC0DE9424A008802B8 /* CandidateCell.mm */; };
		D3BE9EEA0DE9424A008802B8 /* CandidatePageIndicator.mm in Sources */ = {isa = PBXBuildFile; fileRef = D3BE9EDE0DE9424A008802B8 /* CandidatePageIndicator.mm */; };
		D3BE9EEB0DE9424A008802B8 /* CandidateView.mm in Sources */ = {isa = PBXBuildFile; fileRef = D3BE9EE00DE9424A008802B8 /* CandidateView.mm */; };
		D3BE9EEC0DE9424A008802B8 /* CandidateWindow.mm in Sources */ = {isa = PBXBuildFile; fileRef = D3BE9EE20DE9424A008802B8 /* CandidateWindow.mm */; };
		D3BE9EED0DE9424A008802B8 /* CandidateWindowController.mm in Sources */ = {isa = PBXBuildFile; fileRef = D3BE9EE40DE9424A008802B8 /* CandidateWindowController.mm */; };
		D3BE9EEE0DE9424A008802B8 /* InputModeWindow.mm in Sources */ = {isa = PBXBuildFile; fileRef = D3BE9EE60DE9424A008802B8 /* InputModeWindow.mm */; };
		D3BE9EEF0DE9424A008802B8 /* InputModeWindowController.mm in Sources */ = {isa = PBXBuildFile; fileRef = D3BE9EE80DE9424A008802B8 /* InputModeWindowController.mm */; };
		D3D4983E0DDC93FB00BCD546 /* MacClipboard.mm in Sources */ = {isa = PBXBuildFile; fileRef = D3D498310DDC93FB00BCD546 /* MacClipboard.mm */; };
		D3D4983F0DDC93FB00BCD546 /* MacFrontEnd.mm in Sources */ = {isa = PBXBuildFile; fileRef = D3D498330DDC93FB00BCD546 /* MacFrontEnd.mm */; };
		D3D498410DDC93FB00BCD546 /* SKKInputController.mm in Sources */ = {isa = PBXBuildFile; fileRef = D3D498370DDC93FB00BCD546 /* SKKInputController.mm */; };
		D3D498420DDC93FB00BCD546 /* SKKPreProcessor.mm in Sources */ = {isa = PBXBuildFile; fileRef = D3D498390DDC93FB00BCD546 /* SKKPreProcessor.mm */; };
		D3D498440DDC93FB00BCD546 /* main.mm in Sources */ = {isa = PBXBuildFile; fileRef = D3D4983C0DDC93FB00BCD546 /* main.mm */; };
		D3D5C58D0DFD7C2500017413 /* SKKServerProxy.mm in Sources */ = {isa = PBXBuildFile; fileRef = D3D5C58B0DFD7C2500017413 /* SKKServerProxy.mm */; };
		D3D5C58E0DFD7C4600017413 /* SKKServerProxy.mm in Sources */ = {isa = PBXBuildFile; fileRef = D3D5C58B0DFD7C2500017413 /* SKKServerProxy.mm */; };
		D3F46BE10E0E9CE800C2DCBE /* AquaSKK-Ascii.png in Resources */ = {isa = PBXBuildFile; fileRef = D3F46BDC0E0E9CE800C2DCBE /* AquaSKK-Ascii.png */; };
		D3F46BE20E0E9CE800C2DCBE /* AquaSKK-Hirakana.png in Resources */ = {isa = PBXBuildFile; fileRef = D3F46BDD0E0E9CE800C2DCBE /* AquaSKK-Hirakana.png */; };
		D3F46BE30E0E9CE800C2DCBE /* AquaSKK-Jisx0201Kana.png in Resources */ = {isa = PBXBuildFile; fileRef = D3F46BDE0E0E9CE800C2DCBE /* AquaSKK-Jisx0201Kana.png */; };
		D3F46BE40E0E9CE800C2DCBE /* AquaSKK-Jisx0208Latin.png in Resources */ = {isa = PBXBuildFile; fileRef = D3F46BDF0E0E9CE800C2DCBE /* AquaSKK-Jisx0208Latin.png */; };
		D3F46BE50E0E9CE800C2DCBE /* AquaSKK-Katakana.png in Resources */ = {isa = PBXBuildFile; fileRef = D3F46BE00E0E9CE800C2DCBE /* AquaSKK-Katakana.png */; };
		D3FC323F0DD1B175006A3F5A /* DictionarySet.mm in Sources */ = {isa = PBXBuildFile; fileRef = D3FC323B0DD1B175006A3F5A /* DictionarySet.mm */; };
		D3FC32400DD1B175006A3F5A /* main.mm in Sources */ = {isa = PBXBuildFile; fileRef = D3FC323C0DD1B175006A3F5A /* main.mm */; };
		D3FC32410DD1B175006A3F5A /* PreferenceController.mm in Sources */ = {isa = PBXBuildFile; fileRef = D3FC323E0DD1B175006A3F5A /* PreferenceController.mm */; };
		D3FC32430DD1B297006A3F5A /* Preferences.xib in Resources */ = {isa = PBXBuildFile; fileRef = D3FC32420DD1B297006A3F5A /* Preferences.xib */; };
		D3FC32E60DD1B42D006A3F5A /* SKKBackEnd.cpp in Sources */ = {isa = PBXBuildFile; fileRef = D3FC32470DD1B42D006A3F5A /* SKKBackEnd.cpp */; };
		D3FC32E70DD1B42D006A3F5A /* SKKDictionaryCache.cpp in Sources */ = {isa = PBXBuildFile; fileRef = D3FC32490DD1B42D006A3F5A /* SKKDictionaryCache.cpp */; };
		D3FC32E80DD1B42D006A3F5A /* SKKDictionaryFactory.cpp in Sources */ = {isa = PBXBuildFile; fileRef = D3FC324B0DD1B42D006A3F5A /* SKKDictionaryFactory.cpp */; };
		D3FC32E90DD1B42D006A3F5A /* SKKNumericConverter.cpp in Sources */ = {isa = PBXBuildFile; fileRef = D3FC324E0DD1B42D006A3F5A /* SKKNumericConverter.cpp */; };
		D3FC32EB0DD1B42D006A3F5A /* SKKCompleter.cpp in Sources */ = {isa = PBXBuildFile; fileRef = D3FC32570DD1B42D006A3F5A /* SKKCompleter.cpp */; };
		D3FC32EF0DD1B42D006A3F5A /* SKKAutoUpdateDictionary.cpp in Sources */ = {isa = PBXBuildFile; fileRef = D3FC32620DD1B42D006A3F5A /* SKKAutoUpdateDictionary.cpp */; };
		D3FC32F00DD1B42D006A3F5A /* SKKCommonDictionary.cpp in Sources */ = {isa = PBXBuildFile; fileRef = D3FC32650DD1B42D006A3F5A /* SKKCommonDictionary.cpp */; };
		D3FC32F10DD1B42D006A3F5A /* SKKDictionaryFile.cpp in Sources */ = {isa = PBXBuildFile; fileRef = D3FC32670DD1B42D006A3F5A /* SKKDictionaryFile.cpp */; };
		D3FC32F20DD1B42D006A3F5A /* SKKDictionaryKeeper.cpp in Sources */ = {isa = PBXBuildFile; fileRef = D3FC32690DD1B42D006A3F5A /* SKKDictionaryKeeper.cpp */; };
		D3FC32F30DD1B42D006A3F5A /* SKKKotoeriDictionary.cpp in Sources */ = {isa = PBXBuildFile; fileRef = D3FC326B0DD1B42D006A3F5A /* SKKKotoeriDictionary.cpp */; };
		D3FC32F40DD1B42D006A3F5A /* SKKProxyDictionary.cpp in Sources */ = {isa = PBXBuildFile; fileRef = D3FC326D0DD1B42D006A3F5A /* SKKProxyDictionary.cpp */; };
		D3FC32F50DD1B42D006A3F5A /* SKKUserDictionary.cpp in Sources */ = {isa = PBXBuildFile; fileRef = D3FC326F0DD1B42D006A3F5A /* SKKUserDictionary.cpp */; };
		D3FC32F60DD1B42D006A3F5A /* SKKCandidateEditor.cpp in Sources */ = {isa = PBXBuildFile; fileRef = D3FC32730DD1B42D006A3F5A /* SKKCandidateEditor.cpp */; };
		D3FC32F70DD1B42D006A3F5A /* SKKComposingEditor.cpp in Sources */ = {isa = PBXBuildFile; fileRef = D3FC32750DD1B42D006A3F5A /* SKKComposingEditor.cpp */; };
		D3FC32F80DD1B42D006A3F5A /* SKKContextBuffer.cpp in Sources */ = {isa = PBXBuildFile; fileRef = D3FC32770DD1B42D006A3F5A /* SKKContextBuffer.cpp */; };
		D3FC32F90DD1B42D006A3F5A /* SKKEditorStack.cpp in Sources */ = {isa = PBXBuildFile; fileRef = D3FC32790DD1B42D006A3F5A /* SKKEditorStack.cpp */; };
		D3FC32FA0DD1B42D006A3F5A /* SKKEntryRemoveEditor.cpp in Sources */ = {isa = PBXBuildFile; fileRef = D3FC327B0DD1B42D006A3F5A /* SKKEntryRemoveEditor.cpp */; };
		D3FC32FB0DD1B42D006A3F5A /* SKKOkuriEditor.cpp in Sources */ = {isa = PBXBuildFile; fileRef = D3FC327D0DD1B42D006A3F5A /* SKKOkuriEditor.cpp */; };
		D3FC32FC0DD1B42D006A3F5A /* SKKPrimaryEditor.cpp in Sources */ = {isa = PBXBuildFile; fileRef = D3FC327F0DD1B42D006A3F5A /* SKKPrimaryEditor.cpp */; };
		D3FC32FD0DD1B42D006A3F5A /* SKKRegisterEditor.cpp in Sources */ = {isa = PBXBuildFile; fileRef = D3FC32810DD1B42D006A3F5A /* SKKRegisterEditor.cpp */; };
		D3FC32FE0DD1B42D006A3F5A /* SKKTextBuffer.cpp in Sources */ = {isa = PBXBuildFile; fileRef = D3FC32830DD1B42D006A3F5A /* SKKTextBuffer.cpp */; };
		D3FC33000DD1B42D006A3F5A /* SKKKeymap.cpp in Sources */ = {isa = PBXBuildFile; fileRef = D3FC328A0DD1B42D006A3F5A /* SKKKeymap.cpp */; };
		D3FC33010DD1B42D006A3F5A /* SKKKeymapEntry.cpp in Sources */ = {isa = PBXBuildFile; fileRef = D3FC328C0DD1B42D006A3F5A /* SKKKeymapEntry.cpp */; };
		D3FC33020DD1B42D006A3F5A /* SKKInlineSelector.cpp in Sources */ = {isa = PBXBuildFile; fileRef = D3FC32900DD1B42D006A3F5A /* SKKInlineSelector.cpp */; };
		D3FC33030DD1B42D006A3F5A /* SKKSelector.cpp in Sources */ = {isa = PBXBuildFile; fileRef = D3FC32920DD1B42D006A3F5A /* SKKSelector.cpp */; };
		D3FC33040DD1B42D006A3F5A /* SKKWindowSelector.cpp in Sources */ = {isa = PBXBuildFile; fileRef = D3FC32940DD1B42D006A3F5A /* SKKWindowSelector.cpp */; };
		D3FC33050DD1B42D006A3F5A /* SKKInputEngine.cpp in Sources */ = {isa = PBXBuildFile; fileRef = D3FC32970DD1B42D006A3F5A /* SKKInputEngine.cpp */; };
		D3FC33070DD1B42D006A3F5A /* SKKInputSession.cpp in Sources */ = {isa = PBXBuildFile; fileRef = D3FC329B0DD1B42D006A3F5A /* SKKInputSession.cpp */; };
		D3FC33080DD1B42D006A3F5A /* skkserv.cpp in Sources */ = {isa = PBXBuildFile; fileRef = D3FC329E0DD1B42D006A3F5A /* skkserv.cpp */; };
		D3FC33090DD1B42D006A3F5A /* SKKState.cpp in Sources */ = {isa = PBXBuildFile; fileRef = D3FC32A30DD1B42D006A3F5A /* SKKState.cpp */; };
		D3FC330A0DD1B42D006A3F5A /* SKKStateComposing.inc in Sources */ = {isa = PBXBuildFile; fileRef = D3FC32A50DD1B42D006A3F5A /* SKKStateComposing.inc */; };
		D3FC330B0DD1B42D006A3F5A /* SKKStateEntryRemove.inc in Sources */ = {isa = PBXBuildFile; fileRef = D3FC32A60DD1B42D006A3F5A /* SKKStateEntryRemove.inc */; };
		D3FC330C0DD1B42D006A3F5A /* SKKStatePrimary.inc in Sources */ = {isa = PBXBuildFile; fileRef = D3FC32A80DD1B42D006A3F5A /* SKKStatePrimary.inc */; };
		D3FC330D0DD1B42D006A3F5A /* SKKStateRecursiveRegister.inc in Sources */ = {isa = PBXBuildFile; fileRef = D3FC32A90DD1B42D006A3F5A /* SKKStateRecursiveRegister.inc */; };
		D3FC33340DD1B42D006A3F5A /* SKKRomanKanaConverter.cpp in Sources */ = {isa = PBXBuildFile; fileRef = D3FC32D50DD1B42D006A3F5A /* SKKRomanKanaConverter.cpp */; };
		D3FC33350DD1B42D006A3F5A /* SKKTrie.cpp in Sources */ = {isa = PBXBuildFile; fileRef = D3FC32D70DD1B42D006A3F5A /* SKKTrie.cpp */; };
		D3FC33360DD1B42D006A3F5A /* jconv.cpp in Sources */ = {isa = PBXBuildFile; fileRef = D3FC32DA0DD1B42D006A3F5A /* jconv.cpp */; };
		D3FC33370DD1B42D006A3F5A /* jconv_body.inc in Sources */ = {isa = PBXBuildFile; fileRef = D3FC32DC0DD1B42D006A3F5A /* jconv_body.inc */; };
		D3FC33380DD1B42D006A3F5A /* jconv_eucj2ucs.inc in Sources */ = {isa = PBXBuildFile; fileRef = D3FC32DD0DD1B42D006A3F5A /* jconv_eucj2ucs.inc */; };
		D3FC33390DD1B42D006A3F5A /* jconv_ucs2eucj.inc in Sources */ = {isa = PBXBuildFile; fileRef = D3FC32DE0DD1B42D006A3F5A /* jconv_ucs2eucj.inc */; };
		D3FC33840DD1B4A3006A3F5A /* kana-rule.conf in Resources */ = {isa = PBXBuildFile; fileRef = D3FC337A0DD1B4A3006A3F5A /* kana-rule.conf */; };
		D3FC33850DD1B4A3006A3F5A /* keymap.conf in Resources */ = {isa = PBXBuildFile; fileRef = D3FC337B0DD1B4A3006A3F5A /* keymap.conf */; };
		D3FC33880DD1B4A3006A3F5A /* AquaSKK-InputMethod.tif in Resources */ = {isa = PBXBuildFile; fileRef = D3FC337F0DD1B4A3006A3F5A /* AquaSKK-InputMethod.tif */; };
		D3FC33900DD1B4B8006A3F5A /* DictionarySet.plist in Resources */ = {isa = PBXBuildFile; fileRef = D3FC338E0DD1B4B8006A3F5A /* DictionarySet.plist */; };
		D3FC33910DD1B4B8006A3F5A /* UserDefaults.plist in Resources */ = {isa = PBXBuildFile; fileRef = D3FC338F0DD1B4B8006A3F5A /* UserDefaults.plist */; };
		D3FC33930DD1B52D006A3F5A /* InputMethodKit.framework in Frameworks */ = {isa = PBXBuildFile; fileRef = D3FC33920DD1B52D006A3F5A /* InputMethodKit.framework */; };
		D3FC33970DD1B53A006A3F5A /* QuartzCore.framework in Frameworks */ = {isa = PBXBuildFile; fileRef = D3FC33960DD1B53A006A3F5A /* QuartzCore.framework */; };
		D3FC339B0DD1B550006A3F5A /* Carbon.framework in Frameworks */ = {isa = PBXBuildFile; fileRef = D3FC339A0DD1B550006A3F5A /* Carbon.framework */; };
		D3FC33B30DD1D454006A3F5A /* AquaSKKPreferences.app in CopyFiles */ = {isa = PBXBuildFile; fileRef = D3FC32300DD1B102006A3F5A /* AquaSKKPreferences.app */; };
/* End PBXBuildFile section */

/* Begin PBXContainerItemProxy section */
		D3FC33B00DD1D438006A3F5A /* PBXContainerItemProxy */ = {
			isa = PBXContainerItemProxy;
			containerPortal = 29B97313FDCFA39411CA2CEA /* Project object */;
			proxyType = 1;
			remoteGlobalIDString = D3FC322F0DD1B102006A3F5A;
			remoteInfo = AquaSKKPreferences;
		};
/* End PBXContainerItemProxy section */

/* Begin PBXCopyFilesBuildPhase section */
		D3FC33B70DD1D463006A3F5A /* CopyFiles */ = {
			isa = PBXCopyFilesBuildPhase;
			buildActionMask = 2147483647;
			dstPath = "";
			dstSubfolderSpec = 12;
			files = (
				D3FC33B30DD1D454006A3F5A /* AquaSKKPreferences.app in CopyFiles */,
			);
			runOnlyForDeploymentPostprocessing = 0;
		};
/* End PBXCopyFilesBuildPhase section */

/* Begin PBXFileReference section */
		D31381540DD1D89C0002FF9C /* CandidateWindow.xib */ = {isa = PBXFileReference; lastKnownFileType = file.xib; path = CandidateWindow.xib; sourceTree = "<group>"; };
		D31381560DD1D8BE0002FF9C /* InputModeWindow.xib */ = {isa = PBXFileReference; lastKnownFileType = file.xib; path = InputModeWindow.xib; sourceTree = "<group>"; };
		D322B8D00DDC8174002C33F9 /* AquaSKK.xib */ = {isa = PBXFileReference; lastKnownFileType = file.xib; path = AquaSKK.xib; sourceTree = "<group>"; };
		D33405380DD3F7050028A866 /* SKKClipboard.h */ = {isa = PBXFileReference; fileEncoding = 4; lastKnownFileType = sourcecode.c.h; path = SKKClipboard.h; sourceTree = "<group>"; };
		D352AAF40DD4206A0011453B /* SKKCandidateWindow.h */ = {isa = PBXFileReference; fileEncoding = 4; lastKnownFileType = sourcecode.c.h; path = SKKCandidateWindow.h; sourceTree = "<group>"; };
		D352AAF60DD4206A0011453B /* SKKFrontEnd.h */ = {isa = PBXFileReference; fileEncoding = 4; lastKnownFileType = sourcecode.c.h; path = SKKFrontEnd.h; sourceTree = "<group>"; };
		D35377A40DE936B5001A19F7 /* SKKServer.h */ = {isa = PBXFileReference; fileEncoding = 4; lastKnownFileType = sourcecode.c.h; path = SKKServer.h; sourceTree = "<group>"; };
		D35377A50DE936B5001A19F7 /* SKKServer.mm */ = {isa = PBXFileReference; fileEncoding = 4; lastKnownFileType = sourcecode.cpp.objcpp; path = SKKServer.mm; sourceTree = "<group>"; };
		D3BD0F500E0CA7AA000DDBA0 /* SKKConstVars.h */ = {isa = PBXFileReference; fileEncoding = 4; lastKnownFileType = sourcecode.c.h; path = SKKConstVars.h; sourceTree = "<group>"; };
		D3BD0F510E0CA7AA000DDBA0 /* SKKConstVars.mm */ = {isa = PBXFileReference; fileEncoding = 4; lastKnownFileType = sourcecode.cpp.objcpp; path = SKKConstVars.mm; sourceTree = "<group>"; };
		D3BD0F540E0CAA64000DDBA0 /* MacStateConfiguration.h */ = {isa = PBXFileReference; fileEncoding = 4; lastKnownFileType = sourcecode.c.h; path = MacStateConfiguration.h; sourceTree = "<group>"; };
		D3BD0F550E0CAA64000DDBA0 /* MacStateConfiguration.mm */ = {isa = PBXFileReference; fileEncoding = 4; lastKnownFileType = sourcecode.cpp.objcpp; path = MacStateConfiguration.mm; sourceTree = "<group>"; };
		D3BD0F570E0CE87C000DDBA0 /* SKKInputSessionParameter.h */ = {isa = PBXFileReference; fileEncoding = 4; lastKnownFileType = sourcecode.c.h; path = SKKInputSessionParameter.h; sourceTree = "<group>"; };
		D3BD0F670E0CEA95000DDBA0 /* MacInputSessionParameter.h */ = {isa = PBXFileReference; fileEncoding = 4; lastKnownFileType = sourcecode.c.h; path = MacInputSessionParameter.h; sourceTree = "<group>"; };
		D3BD0F680E0CEA95000DDBA0 /* MacInputSessionParameter.mm */ = {isa = PBXFileReference; fileEncoding = 4; lastKnownFileType = sourcecode.cpp.objcpp; path = MacInputSessionParameter.mm; sourceTree = "<group>"; };
		D3BD0F710E0CEE78000DDBA0 /* SKKStateConfiguration.h */ = {isa = PBXFileReference; fileEncoding = 4; lastKnownFileType = sourcecode.c.h; path = SKKStateConfiguration.h; sourceTree = "<group>"; };
		D3BD0F750E0CF5FF000DDBA0 /* SKKInputMode.cpp */ = {isa = PBXFileReference; fileEncoding = 4; lastKnownFileType = sourcecode.cpp.cpp; path = SKKInputMode.cpp; sourceTree = "<group>"; };
		D3BD0F760E0CF5FF000DDBA0 /* SKKInputMode.h */ = {isa = PBXFileReference; fileEncoding = 4; lastKnownFileType = sourcecode.c.h; path = SKKInputMode.h; sourceTree = "<group>"; };
		D3BD0F790E0CF826000DDBA0 /* SKKCandidate.cpp */ = {isa = PBXFileReference; fileEncoding = 4; lastKnownFileType = sourcecode.cpp.cpp; path = SKKCandidate.cpp; sourceTree = "<group>"; };
		D3BD0F7A0E0CF826000DDBA0 /* SKKCandidate.h */ = {isa = PBXFileReference; fileEncoding = 4; lastKnownFileType = sourcecode.c.h; path = SKKCandidate.h; sourceTree = "<group>"; };
		D3BD0F7B0E0CF826000DDBA0 /* SKKCandidateParser.h */ = {isa = PBXFileReference; fileEncoding = 4; lastKnownFileType = sourcecode.c.h; path = SKKCandidateParser.h; sourceTree = "<group>"; };
		D3BD0F7C0E0CF826000DDBA0 /* SKKCandidateSuite.h */ = {isa = PBXFileReference; fileEncoding = 4; lastKnownFileType = sourcecode.c.h; path = SKKCandidateSuite.h; sourceTree = "<group>"; };
		D3BD0F7D0E0CF826000DDBA0 /* SKKEntry.cpp */ = {isa = PBXFileReference; fileEncoding = 4; lastKnownFileType = sourcecode.cpp.cpp; path = SKKEntry.cpp; sourceTree = "<group>"; };
		D3BD0F7E0E0CF826000DDBA0 /* SKKEntry.h */ = {isa = PBXFileReference; fileEncoding = 4; lastKnownFileType = sourcecode.c.h; path = SKKEntry.h; sourceTree = "<group>"; };
		D3BD0F7F0E0CF826000DDBA0 /* SKKOkuriHint.h */ = {isa = PBXFileReference; fileEncoding = 4; lastKnownFileType = sourcecode.c.h; path = SKKOkuriHint.h; sourceTree = "<group>"; };
		D3BD0F930E0D4AD9000DDBA0 /* SKKInputModeWindow.h */ = {isa = PBXFileReference; fileEncoding = 4; lastKnownFileType = sourcecode.c.h; path = SKKInputModeWindow.h; sourceTree = "<group>"; };
		D3BD0F940E0D4AE8000DDBA0 /* MacInputModeWindow.h */ = {isa = PBXFileReference; fileEncoding = 4; lastKnownFileType = sourcecode.c.h; path = MacInputModeWindow.h; sourceTree = "<group>"; };
		D3BD0F950E0D4AE8000DDBA0 /* MacInputModeWindow.mm */ = {isa = PBXFileReference; fileEncoding = 4; lastKnownFileType = sourcecode.cpp.objcpp; path = MacInputModeWindow.mm; sourceTree = "<group>"; };
		D3BE9ECC0DE94078008802B8 /* MacCandidateWindow.h */ = {isa = PBXFileReference; fileEncoding = 4; lastKnownFileType = sourcecode.c.h; path = MacCandidateWindow.h; sourceTree = "<group>"; };
		D3BE9ECD0DE94078008802B8 /* MacCandidateWindow.mm */ = {isa = PBXFileReference; fileEncoding = 4; lastKnownFileType = sourcecode.cpp.objcpp; path = MacCandidateWindow.mm; sourceTree = "<group>"; };
		D3BE9EDB0DE9424A008802B8 /* CandidateCell.h */ = {isa = PBXFileReference; fileEncoding = 4; lastKnownFileType = sourcecode.c.h; path = CandidateCell.h; sourceTree = "<group>"; };
		D3BE9EDC0DE9424A008802B8 /* CandidateCell.mm */ = {isa = PBXFileReference; fileEncoding = 4; lastKnownFileType = sourcecode.cpp.objcpp; path = CandidateCell.mm; sourceTree = "<group>"; };
		D3BE9EDD0DE9424A008802B8 /* CandidatePageIndicator.h */ = {isa = PBXFileReference; fileEncoding = 4; lastKnownFileType = sourcecode.c.h; path = CandidatePageIndicator.h; sourceTree = "<group>"; };
		D3BE9EDE0DE9424A008802B8 /* CandidatePageIndicator.mm */ = {isa = PBXFileReference; fileEncoding = 4; lastKnownFileType = sourcecode.cpp.objcpp; path = CandidatePageIndicator.mm; sourceTree = "<group>"; };
		D3BE9EDF0DE9424A008802B8 /* CandidateView.h */ = {isa = PBXFileReference; fileEncoding = 4; lastKnownFileType = sourcecode.c.h; path = CandidateView.h; sourceTree = "<group>"; };
		D3BE9EE00DE9424A008802B8 /* CandidateView.mm */ = {isa = PBXFileReference; fileEncoding = 4; lastKnownFileType = sourcecode.cpp.objcpp; path = CandidateView.mm; sourceTree = "<group>"; };
		D3BE9EE10DE9424A008802B8 /* CandidateWindow.h */ = {isa = PBXFileReference; fileEncoding = 4; lastKnownFileType = sourcecode.c.h; path = CandidateWindow.h; sourceTree = "<group>"; };
		D3BE9EE20DE9424A008802B8 /* CandidateWindow.mm */ = {isa = PBXFileReference; fileEncoding = 4; lastKnownFileType = sourcecode.cpp.objcpp; path = CandidateWindow.mm; sourceTree = "<group>"; };
		D3BE9EE30DE9424A008802B8 /* CandidateWindowController.h */ = {isa = PBXFileReference; fileEncoding = 4; lastKnownFileType = sourcecode.c.h; path = CandidateWindowController.h; sourceTree = "<group>"; };
		D3BE9EE40DE9424A008802B8 /* CandidateWindowController.mm */ = {isa = PBXFileReference; fileEncoding = 4; lastKnownFileType = sourcecode.cpp.objcpp; path = CandidateWindowController.mm; sourceTree = "<group>"; };
		D3BE9EE50DE9424A008802B8 /* InputModeWindow.h */ = {isa = PBXFileReference; fileEncoding = 4; lastKnownFileType = sourcecode.c.h; path = InputModeWindow.h; sourceTree = "<group>"; };
		D3BE9EE60DE9424A008802B8 /* InputModeWindow.mm */ = {isa = PBXFileReference; fileEncoding = 4; lastKnownFileType = sourcecode.cpp.objcpp; path = InputModeWindow.mm; sourceTree = "<group>"; };
		D3BE9EE70DE9424A008802B8 /* InputModeWindowController.h */ = {isa = PBXFileReference; fileEncoding = 4; lastKnownFileType = sourcecode.c.h; path = InputModeWindowController.h; sourceTree = "<group>"; };
		D3BE9EE80DE9424A008802B8 /* InputModeWindowController.mm */ = {isa = PBXFileReference; fileEncoding = 4; lastKnownFileType = sourcecode.cpp.objcpp; path = InputModeWindowController.mm; sourceTree = "<group>"; };
		D3D498300DDC93FB00BCD546 /* MacClipboard.h */ = {isa = PBXFileReference; fileEncoding = 4; lastKnownFileType = sourcecode.c.h; path = MacClipboard.h; sourceTree = "<group>"; };
		D3D498310DDC93FB00BCD546 /* MacClipboard.mm */ = {isa = PBXFileReference; fileEncoding = 4; lastKnownFileType = sourcecode.cpp.objcpp; path = MacClipboard.mm; sourceTree = "<group>"; };
		D3D498320DDC93FB00BCD546 /* MacFrontEnd.h */ = {isa = PBXFileReference; fileEncoding = 4; lastKnownFileType = sourcecode.c.h; path = MacFrontEnd.h; sourceTree = "<group>"; };
		D3D498330DDC93FB00BCD546 /* MacFrontEnd.mm */ = {isa = PBXFileReference; fileEncoding = 4; lastKnownFileType = sourcecode.cpp.objcpp; path = MacFrontEnd.mm; sourceTree = "<group>"; };
		D3D498360DDC93FB00BCD546 /* SKKInputController.h */ = {isa = PBXFileReference; fileEncoding = 4; lastKnownFileType = sourcecode.c.h; path = SKKInputController.h; sourceTree = "<group>"; };
		D3D498370DDC93FB00BCD546 /* SKKInputController.mm */ = {isa = PBXFileReference; fileEncoding = 4; lastKnownFileType = sourcecode.cpp.objcpp; path = SKKInputController.mm; sourceTree = "<group>"; };
		D3D498380DDC93FB00BCD546 /* SKKPreProcessor.h */ = {isa = PBXFileReference; fileEncoding = 4; lastKnownFileType = sourcecode.c.h; path = SKKPreProcessor.h; sourceTree = "<group>"; };
		D3D498390DDC93FB00BCD546 /* SKKPreProcessor.mm */ = {isa = PBXFileReference; fileEncoding = 4; lastKnownFileType = sourcecode.cpp.objcpp; path = SKKPreProcessor.mm; sourceTree = "<group>"; };
		D3D4983C0DDC93FB00BCD546 /* main.mm */ = {isa = PBXFileReference; fileEncoding = 4; lastKnownFileType = sourcecode.cpp.objcpp; path = main.mm; sourceTree = "<group>"; };
		D3D5C5890DFD7C2500017413 /* ObjCUtil.h */ = {isa = PBXFileReference; fileEncoding = 4; lastKnownFileType = sourcecode.c.h; path = ObjCUtil.h; sourceTree = "<group>"; };
		D3D5C58A0DFD7C2500017413 /* SKKServerProxy.h */ = {isa = PBXFileReference; fileEncoding = 4; lastKnownFileType = sourcecode.c.h; path = SKKServerProxy.h; sourceTree = "<group>"; };
		D3D5C58B0DFD7C2500017413 /* SKKServerProxy.mm */ = {isa = PBXFileReference; fileEncoding = 4; lastKnownFileType = sourcecode.cpp.objcpp; path = SKKServerProxy.mm; sourceTree = "<group>"; };
		D3D5C58C0DFD7C2500017413 /* SKKSupervisor.h */ = {isa = PBXFileReference; fileEncoding = 4; lastKnownFileType = sourcecode.c.h; path = SKKSupervisor.h; sourceTree = "<group>"; };
		D3F46BDC0E0E9CE800C2DCBE /* AquaSKK-Ascii.png */ = {isa = PBXFileReference; lastKnownFileType = image.png; path = "AquaSKK-Ascii.png"; sourceTree = "<group>"; };
		D3F46BDD0E0E9CE800C2DCBE /* AquaSKK-Hirakana.png */ = {isa = PBXFileReference; lastKnownFileType = image.png; path = "AquaSKK-Hirakana.png"; sourceTree = "<group>"; };
		D3F46BDE0E0E9CE800C2DCBE /* AquaSKK-Jisx0201Kana.png */ = {isa = PBXFileReference; lastKnownFileType = image.png; path = "AquaSKK-Jisx0201Kana.png"; sourceTree = "<group>"; };
		D3F46BDF0E0E9CE800C2DCBE /* AquaSKK-Jisx0208Latin.png */ = {isa = PBXFileReference; lastKnownFileType = image.png; path = "AquaSKK-Jisx0208Latin.png"; sourceTree = "<group>"; };
		D3F46BE00E0E9CE800C2DCBE /* AquaSKK-Katakana.png */ = {isa = PBXFileReference; lastKnownFileType = image.png; path = "AquaSKK-Katakana.png"; sourceTree = "<group>"; };
		D3FC32210DD1B09C006A3F5A /* AquaSKK.app */ = {isa = PBXFileReference; explicitFileType = wrapper.application; includeInIndex = 0; path = AquaSKK.app; sourceTree = BUILT_PRODUCTS_DIR; };
		D3FC32230DD1B09C006A3F5A /* AquaSKK-Info.plist */ = {isa = PBXFileReference; lastKnownFileType = text.plist.xml; path = "AquaSKK-Info.plist"; sourceTree = "<group>"; };
		D3FC32300DD1B102006A3F5A /* AquaSKKPreferences.app */ = {isa = PBXFileReference; explicitFileType = wrapper.application; includeInIndex = 0; path = AquaSKKPreferences.app; sourceTree = BUILT_PRODUCTS_DIR; };
		D3FC32320DD1B102006A3F5A /* AquaSKKPreferences-Info.plist */ = {isa = PBXFileReference; lastKnownFileType = text.plist.xml; path = "AquaSKKPreferences-Info.plist"; sourceTree = "<group>"; };
		D3FC323A0DD1B175006A3F5A /* DictionarySet.h */ = {isa = PBXFileReference; fileEncoding = 4; lastKnownFileType = sourcecode.c.h; name = DictionarySet.h; path = ../src/platform/mac/preferences/DictionarySet.h; sourceTree = SOURCE_ROOT; };
		D3FC323B0DD1B175006A3F5A /* DictionarySet.mm */ = {isa = PBXFileReference; fileEncoding = 4; lastKnownFileType = sourcecode.cpp.objcpp; name = DictionarySet.mm; path = ../src/platform/mac/preferences/DictionarySet.mm; sourceTree = SOURCE_ROOT; };
		D3FC323C0DD1B175006A3F5A /* main.mm */ = {isa = PBXFileReference; fileEncoding = 4; lastKnownFileType = sourcecode.cpp.objcpp; name = main.mm; path = ../src/platform/mac/preferences/main.mm; sourceTree = SOURCE_ROOT; };
		D3FC323D0DD1B175006A3F5A /* PreferenceController.h */ = {isa = PBXFileReference; fileEncoding = 4; lastKnownFileType = sourcecode.c.h; name = PreferenceController.h; path = ../src/platform/mac/preferences/PreferenceController.h; sourceTree = SOURCE_ROOT; };
		D3FC323E0DD1B175006A3F5A /* PreferenceController.mm */ = {isa = PBXFileReference; fileEncoding = 4; lastKnownFileType = sourcecode.cpp.objcpp; name = PreferenceController.mm; path = ../src/platform/mac/preferences/PreferenceController.mm; sourceTree = SOURCE_ROOT; };
		D3FC32420DD1B297006A3F5A /* Preferences.xib */ = {isa = PBXFileReference; lastKnownFileType = file.xib; path = Preferences.xib; sourceTree = "<group>"; };
		D3FC32470DD1B42D006A3F5A /* SKKBackEnd.cpp */ = {isa = PBXFileReference; fileEncoding = 4; lastKnownFileType = sourcecode.cpp.cpp; path = SKKBackEnd.cpp; sourceTree = "<group>"; };
		D3FC32480DD1B42D006A3F5A /* SKKBackEnd.h */ = {isa = PBXFileReference; fileEncoding = 4; lastKnownFileType = sourcecode.c.h; path = SKKBackEnd.h; sourceTree = "<group>"; };
		D3FC32490DD1B42D006A3F5A /* SKKDictionaryCache.cpp */ = {isa = PBXFileReference; fileEncoding = 4; lastKnownFileType = sourcecode.cpp.cpp; path = SKKDictionaryCache.cpp; sourceTree = "<group>"; };
		D3FC324A0DD1B42D006A3F5A /* SKKDictionaryCache.h */ = {isa = PBXFileReference; fileEncoding = 4; lastKnownFileType = sourcecode.c.h; path = SKKDictionaryCache.h; sourceTree = "<group>"; };
		D3FC324B0DD1B42D006A3F5A /* SKKDictionaryFactory.cpp */ = {isa = PBXFileReference; fileEncoding = 4; lastKnownFileType = sourcecode.cpp.cpp; path = SKKDictionaryFactory.cpp; sourceTree = "<group>"; };
		D3FC324C0DD1B42D006A3F5A /* SKKDictionaryFactory.h */ = {isa = PBXFileReference; fileEncoding = 4; lastKnownFileType = sourcecode.c.h; path = SKKDictionaryFactory.h; sourceTree = "<group>"; };
		D3FC324D0DD1B42D006A3F5A /* SKKDictionaryKey.h */ = {isa = PBXFileReference; fileEncoding = 4; lastKnownFileType = sourcecode.c.h; path = SKKDictionaryKey.h; sourceTree = "<group>"; };
		D3FC324E0DD1B42D006A3F5A /* SKKNumericConverter.cpp */ = {isa = PBXFileReference; fileEncoding = 4; lastKnownFileType = sourcecode.cpp.cpp; path = SKKNumericConverter.cpp; sourceTree = "<group>"; };
		D3FC324F0DD1B42D006A3F5A /* SKKNumericConverter.h */ = {isa = PBXFileReference; fileEncoding = 4; lastKnownFileType = sourcecode.c.h; path = SKKNumericConverter.h; sourceTree = "<group>"; };
		D3FC32570DD1B42D006A3F5A /* SKKCompleter.cpp */ = {isa = PBXFileReference; fileEncoding = 4; lastKnownFileType = sourcecode.cpp.cpp; path = SKKCompleter.cpp; sourceTree = "<group>"; };
		D3FC32580DD1B42D006A3F5A /* SKKCompleter.h */ = {isa = PBXFileReference; fileEncoding = 4; lastKnownFileType = sourcecode.c.h; path = SKKCompleter.h; sourceTree = "<group>"; };
		D3FC32620DD1B42D006A3F5A /* SKKAutoUpdateDictionary.cpp */ = {isa = PBXFileReference; fileEncoding = 4; lastKnownFileType = sourcecode.cpp.cpp; path = SKKAutoUpdateDictionary.cpp; sourceTree = "<group>"; };
		D3FC32630DD1B42D006A3F5A /* SKKAutoUpdateDictionary.h */ = {isa = PBXFileReference; fileEncoding = 4; lastKnownFileType = sourcecode.c.h; path = SKKAutoUpdateDictionary.h; sourceTree = "<group>"; };
		D3FC32640DD1B42D006A3F5A /* SKKBaseDictionary.h */ = {isa = PBXFileReference; fileEncoding = 4; lastKnownFileType = sourcecode.c.h; path = SKKBaseDictionary.h; sourceTree = "<group>"; };
		D3FC32650DD1B42D006A3F5A /* SKKCommonDictionary.cpp */ = {isa = PBXFileReference; fileEncoding = 4; lastKnownFileType = sourcecode.cpp.cpp; path = SKKCommonDictionary.cpp; sourceTree = "<group>"; };
		D3FC32660DD1B42D006A3F5A /* SKKCommonDictionary.h */ = {isa = PBXFileReference; fileEncoding = 4; lastKnownFileType = sourcecode.c.h; path = SKKCommonDictionary.h; sourceTree = "<group>"; };
		D3FC32670DD1B42D006A3F5A /* SKKDictionaryFile.cpp */ = {isa = PBXFileReference; fileEncoding = 4; lastKnownFileType = sourcecode.cpp.cpp; path = SKKDictionaryFile.cpp; sourceTree = "<group>"; };
		D3FC32680DD1B42D006A3F5A /* SKKDictionaryFile.h */ = {isa = PBXFileReference; fileEncoding = 4; lastKnownFileType = sourcecode.c.h; path = SKKDictionaryFile.h; sourceTree = "<group>"; };
		D3FC32690DD1B42D006A3F5A /* SKKDictionaryKeeper.cpp */ = {isa = PBXFileReference; fileEncoding = 4; lastKnownFileType = sourcecode.cpp.cpp; path = SKKDictionaryKeeper.cpp; sourceTree = "<group>"; };
		D3FC326A0DD1B42D006A3F5A /* SKKDictionaryKeeper.h */ = {isa = PBXFileReference; fileEncoding = 4; lastKnownFileType = sourcecode.c.h; path = SKKDictionaryKeeper.h; sourceTree = "<group>"; };
		D3FC326B0DD1B42D006A3F5A /* SKKKotoeriDictionary.cpp */ = {isa = PBXFileReference; fileEncoding = 4; lastKnownFileType = sourcecode.cpp.cpp; path = SKKKotoeriDictionary.cpp; sourceTree = "<group>"; };
		D3FC326C0DD1B42D006A3F5A /* SKKKotoeriDictionary.h */ = {isa = PBXFileReference; fileEncoding = 4; lastKnownFileType = sourcecode.c.h; path = SKKKotoeriDictionary.h; sourceTree = "<group>"; };
		D3FC326D0DD1B42D006A3F5A /* SKKProxyDictionary.cpp */ = {isa = PBXFileReference; fileEncoding = 4; lastKnownFileType = sourcecode.cpp.cpp; path = SKKProxyDictionary.cpp; sourceTree = "<group>"; };
		D3FC326E0DD1B42D006A3F5A /* SKKProxyDictionary.h */ = {isa = PBXFileReference; fileEncoding = 4; lastKnownFileType = sourcecode.c.h; path = SKKProxyDictionary.h; sourceTree = "<group>"; };
		D3FC326F0DD1B42D006A3F5A /* SKKUserDictionary.cpp */ = {isa = PBXFileReference; fileEncoding = 4; lastKnownFileType = sourcecode.cpp.cpp; path = SKKUserDictionary.cpp; sourceTree = "<group>"; };
		D3FC32700DD1B42D006A3F5A /* SKKUserDictionary.h */ = {isa = PBXFileReference; fileEncoding = 4; lastKnownFileType = sourcecode.c.h; path = SKKUserDictionary.h; sourceTree = "<group>"; };
		D3FC32720DD1B42D006A3F5A /* SKKBaseEditor.h */ = {isa = PBXFileReference; fileEncoding = 4; lastKnownFileType = sourcecode.c.h; path = SKKBaseEditor.h; sourceTree = "<group>"; };
		D3FC32730DD1B42D006A3F5A /* SKKCandidateEditor.cpp */ = {isa = PBXFileReference; fileEncoding = 4; lastKnownFileType = sourcecode.cpp.cpp; path = SKKCandidateEditor.cpp; sourceTree = "<group>"; };
		D3FC32740DD1B42D006A3F5A /* SKKCandidateEditor.h */ = {isa = PBXFileReference; fileEncoding = 4; lastKnownFileType = sourcecode.c.h; path = SKKCandidateEditor.h; sourceTree = "<group>"; };
		D3FC32750DD1B42D006A3F5A /* SKKComposingEditor.cpp */ = {isa = PBXFileReference; fileEncoding = 4; lastKnownFileType = sourcecode.cpp.cpp; path = SKKComposingEditor.cpp; sourceTree = "<group>"; };
		D3FC32760DD1B42D006A3F5A /* SKKComposingEditor.h */ = {isa = PBXFileReference; fileEncoding = 4; lastKnownFileType = sourcecode.c.h; path = SKKComposingEditor.h; sourceTree = "<group>"; };
		D3FC32770DD1B42D006A3F5A /* SKKContextBuffer.cpp */ = {isa = PBXFileReference; fileEncoding = 4; lastKnownFileType = sourcecode.cpp.cpp; path = SKKContextBuffer.cpp; sourceTree = "<group>"; };
		D3FC32780DD1B42D006A3F5A /* SKKContextBuffer.h */ = {isa = PBXFileReference; fileEncoding = 4; lastKnownFileType = sourcecode.c.h; path = SKKContextBuffer.h; sourceTree = "<group>"; };
		D3FC32790DD1B42D006A3F5A /* SKKEditorStack.cpp */ = {isa = PBXFileReference; fileEncoding = 4; lastKnownFileType = sourcecode.cpp.cpp; path = SKKEditorStack.cpp; sourceTree = "<group>"; };
		D3FC327A0DD1B42D006A3F5A /* SKKEditorStack.h */ = {isa = PBXFileReference; fileEncoding = 4; lastKnownFileType = sourcecode.c.h; path = SKKEditorStack.h; sourceTree = "<group>"; };
		D3FC327B0DD1B42D006A3F5A /* SKKEntryRemoveEditor.cpp */ = {isa = PBXFileReference; fileEncoding = 4; lastKnownFileType = sourcecode.cpp.cpp; path = SKKEntryRemoveEditor.cpp; sourceTree = "<group>"; };
		D3FC327C0DD1B42D006A3F5A /* SKKEntryRemoveEditor.h */ = {isa = PBXFileReference; fileEncoding = 4; lastKnownFileType = sourcecode.c.h; path = SKKEntryRemoveEditor.h; sourceTree = "<group>"; };
		D3FC327D0DD1B42D006A3F5A /* SKKOkuriEditor.cpp */ = {isa = PBXFileReference; fileEncoding = 4; lastKnownFileType = sourcecode.cpp.cpp; path = SKKOkuriEditor.cpp; sourceTree = "<group>"; };
		D3FC327E0DD1B42D006A3F5A /* SKKOkuriEditor.h */ = {isa = PBXFileReference; fileEncoding = 4; lastKnownFileType = sourcecode.c.h; path = SKKOkuriEditor.h; sourceTree = "<group>"; };
		D3FC327F0DD1B42D006A3F5A /* SKKPrimaryEditor.cpp */ = {isa = PBXFileReference; fileEncoding = 4; lastKnownFileType = sourcecode.cpp.cpp; path = SKKPrimaryEditor.cpp; sourceTree = "<group>"; };
		D3FC32800DD1B42D006A3F5A /* SKKPrimaryEditor.h */ = {isa = PBXFileReference; fileEncoding = 4; lastKnownFileType = sourcecode.c.h; path = SKKPrimaryEditor.h; sourceTree = "<group>"; };
		D3FC32810DD1B42D006A3F5A /* SKKRegisterEditor.cpp */ = {isa = PBXFileReference; fileEncoding = 4; lastKnownFileType = sourcecode.cpp.cpp; path = SKKRegisterEditor.cpp; sourceTree = "<group>"; };
		D3FC32820DD1B42D006A3F5A /* SKKRegisterEditor.h */ = {isa = PBXFileReference; fileEncoding = 4; lastKnownFileType = sourcecode.c.h; path = SKKRegisterEditor.h; sourceTree = "<group>"; };
		D3FC32830DD1B42D006A3F5A /* SKKTextBuffer.cpp */ = {isa = PBXFileReference; fileEncoding = 4; lastKnownFileType = sourcecode.cpp.cpp; path = SKKTextBuffer.cpp; sourceTree = "<group>"; };
		D3FC32840DD1B42D006A3F5A /* SKKTextBuffer.h */ = {isa = PBXFileReference; fileEncoding = 4; lastKnownFileType = sourcecode.c.h; path = SKKTextBuffer.h; sourceTree = "<group>"; };
		D3FC32890DD1B42D006A3F5A /* SKKKeyState.h */ = {isa = PBXFileReference; fileEncoding = 4; lastKnownFileType = sourcecode.c.h; path = SKKKeyState.h; sourceTree = "<group>"; };
		D3FC328A0DD1B42D006A3F5A /* SKKKeymap.cpp */ = {isa = PBXFileReference; fileEncoding = 4; lastKnownFileType = sourcecode.cpp.cpp; path = SKKKeymap.cpp; sourceTree = "<group>"; };
		D3FC328B0DD1B42D006A3F5A /* SKKKeymap.h */ = {isa = PBXFileReference; fileEncoding = 4; lastKnownFileType = sourcecode.c.h; path = SKKKeymap.h; sourceTree = "<group>"; };
		D3FC328C0DD1B42D006A3F5A /* SKKKeymapEntry.cpp */ = {isa = PBXFileReference; fileEncoding = 4; lastKnownFileType = sourcecode.cpp.cpp; path = SKKKeymapEntry.cpp; sourceTree = "<group>"; };
		D3FC328D0DD1B42D006A3F5A /* SKKKeymapEntry.h */ = {isa = PBXFileReference; fileEncoding = 4; lastKnownFileType = sourcecode.c.h; path = SKKKeymapEntry.h; sourceTree = "<group>"; };
		D3FC328F0DD1B42D006A3F5A /* SKKBaseSelector.h */ = {isa = PBXFileReference; fileEncoding = 4; lastKnownFileType = sourcecode.c.h; path = SKKBaseSelector.h; sourceTree = "<group>"; };
		D3FC32900DD1B42D006A3F5A /* SKKInlineSelector.cpp */ = {isa = PBXFileReference; fileEncoding = 4; lastKnownFileType = sourcecode.cpp.cpp; path = SKKInlineSelector.cpp; sourceTree = "<group>"; };
		D3FC32910DD1B42D006A3F5A /* SKKInlineSelector.h */ = {isa = PBXFileReference; fileEncoding = 4; lastKnownFileType = sourcecode.c.h; path = SKKInlineSelector.h; sourceTree = "<group>"; };
		D3FC32920DD1B42D006A3F5A /* SKKSelector.cpp */ = {isa = PBXFileReference; fileEncoding = 4; lastKnownFileType = sourcecode.cpp.cpp; path = SKKSelector.cpp; sourceTree = "<group>"; };
		D3FC32930DD1B42D006A3F5A /* SKKSelector.h */ = {isa = PBXFileReference; fileEncoding = 4; lastKnownFileType = sourcecode.c.h; path = SKKSelector.h; sourceTree = "<group>"; };
		D3FC32940DD1B42D006A3F5A /* SKKWindowSelector.cpp */ = {isa = PBXFileReference; fileEncoding = 4; lastKnownFileType = sourcecode.cpp.cpp; path = SKKWindowSelector.cpp; sourceTree = "<group>"; };
		D3FC32950DD1B42D006A3F5A /* SKKWindowSelector.h */ = {isa = PBXFileReference; fileEncoding = 4; lastKnownFileType = sourcecode.c.h; path = SKKWindowSelector.h; sourceTree = "<group>"; };
		D3FC32970DD1B42D006A3F5A /* SKKInputEngine.cpp */ = {isa = PBXFileReference; fileEncoding = 4; lastKnownFileType = sourcecode.cpp.cpp; path = SKKInputEngine.cpp; sourceTree = "<group>"; };
		D3FC32980DD1B42D006A3F5A /* SKKInputEngine.h */ = {isa = PBXFileReference; fileEncoding = 4; lastKnownFileType = sourcecode.c.h; path = SKKInputEngine.h; sourceTree = "<group>"; };
		D3FC329B0DD1B42D006A3F5A /* SKKInputSession.cpp */ = {isa = PBXFileReference; fileEncoding = 4; lastKnownFileType = sourcecode.cpp.cpp; path = SKKInputSession.cpp; sourceTree = "<group>"; };
		D3FC329C0DD1B42D006A3F5A /* SKKInputSession.h */ = {isa = PBXFileReference; fileEncoding = 4; lastKnownFileType = sourcecode.c.h; path = SKKInputSession.h; sourceTree = "<group>"; };
		D3FC329E0DD1B42D006A3F5A /* skkserv.cpp */ = {isa = PBXFileReference; fileEncoding = 4; lastKnownFileType = sourcecode.cpp.cpp; path = skkserv.cpp; sourceTree = "<group>"; };
		D3FC329F0DD1B42D006A3F5A /* skkserv.h */ = {isa = PBXFileReference; fileEncoding = 4; lastKnownFileType = sourcecode.c.h; path = skkserv.h; sourceTree = "<group>"; };
		D3FC32A10DD1B42D006A3F5A /* GenericStateMachine.h */ = {isa = PBXFileReference; fileEncoding = 4; lastKnownFileType = sourcecode.c.h; path = GenericStateMachine.h; sourceTree = "<group>"; };
		D3FC32A20DD1B42D006A3F5A /* SKKEvent.h */ = {isa = PBXFileReference; fileEncoding = 4; lastKnownFileType = sourcecode.c.h; path = SKKEvent.h; sourceTree = "<group>"; };
		D3FC32A30DD1B42D006A3F5A /* SKKState.cpp */ = {isa = PBXFileReference; fileEncoding = 4; lastKnownFileType = sourcecode.cpp.cpp; path = SKKState.cpp; sourceTree = "<group>"; };
		D3FC32A40DD1B42D006A3F5A /* SKKState.h */ = {isa = PBXFileReference; fileEncoding = 4; lastKnownFileType = sourcecode.c.h; path = SKKState.h; sourceTree = "<group>"; };
		D3FC32A50DD1B42D006A3F5A /* SKKStateComposing.inc */ = {isa = PBXFileReference; fileEncoding = 4; lastKnownFileType = sourcecode.pascal; path = SKKStateComposing.inc; sourceTree = "<group>"; };
		D3FC32A60DD1B42D006A3F5A /* SKKStateEntryRemove.inc */ = {isa = PBXFileReference; fileEncoding = 4; lastKnownFileType = sourcecode.pascal; path = SKKStateEntryRemove.inc; sourceTree = "<group>"; };
		D3FC32A70DD1B42D006A3F5A /* SKKStateMachine.h */ = {isa = PBXFileReference; fileEncoding = 4; lastKnownFileType = sourcecode.c.h; path = SKKStateMachine.h; sourceTree = "<group>"; };
		D3FC32A80DD1B42D006A3F5A /* SKKStatePrimary.inc */ = {isa = PBXFileReference; fileEncoding = 4; lastKnownFileType = sourcecode.pascal; path = SKKStatePrimary.inc; sourceTree = "<group>"; };
		D3FC32A90DD1B42D006A3F5A /* SKKStateRecursiveRegister.inc */ = {isa = PBXFileReference; fileEncoding = 4; lastKnownFileType = sourcecode.pascal; path = SKKStateRecursiveRegister.inc; sourceTree = "<group>"; };
		D3FC32D50DD1B42D006A3F5A /* SKKRomanKanaConverter.cpp */ = {isa = PBXFileReference; fileEncoding = 4; lastKnownFileType = sourcecode.cpp.cpp; path = SKKRomanKanaConverter.cpp; sourceTree = "<group>"; };
		D3FC32D60DD1B42D006A3F5A /* SKKRomanKanaConverter.h */ = {isa = PBXFileReference; fileEncoding = 4; lastKnownFileType = sourcecode.c.h; path = SKKRomanKanaConverter.h; sourceTree = "<group>"; };
		D3FC32D70DD1B42D006A3F5A /* SKKTrie.cpp */ = {isa = PBXFileReference; fileEncoding = 4; lastKnownFileType = sourcecode.cpp.cpp; path = SKKTrie.cpp; sourceTree = "<group>"; };
		D3FC32D80DD1B42D006A3F5A /* SKKTrie.h */ = {isa = PBXFileReference; fileEncoding = 4; lastKnownFileType = sourcecode.c.h; path = SKKTrie.h; sourceTree = "<group>"; };
		D3FC32DA0DD1B42D006A3F5A /* jconv.cpp */ = {isa = PBXFileReference; fileEncoding = 4; lastKnownFileType = sourcecode.cpp.cpp; path = jconv.cpp; sourceTree = "<group>"; };
		D3FC32DB0DD1B42D006A3F5A /* jconv.h */ = {isa = PBXFileReference; fileEncoding = 4; lastKnownFileType = sourcecode.c.h; path = jconv.h; sourceTree = "<group>"; };
		D3FC32DC0DD1B42D006A3F5A /* jconv_body.inc */ = {isa = PBXFileReference; fileEncoding = 4; lastKnownFileType = sourcecode.pascal; path = jconv_body.inc; sourceTree = "<group>"; };
		D3FC32DD0DD1B42D006A3F5A /* jconv_eucj2ucs.inc */ = {isa = PBXFileReference; fileEncoding = 4; lastKnownFileType = sourcecode.pascal; path = jconv_eucj2ucs.inc; sourceTree = "<group>"; };
		D3FC32DE0DD1B42D006A3F5A /* jconv_ucs2eucj.inc */ = {isa = PBXFileReference; fileEncoding = 4; lastKnownFileType = sourcecode.pascal; path = jconv_ucs2eucj.inc; sourceTree = "<group>"; };
		D3FC32DF0DD1B42D006A3F5A /* pthreadutil.h */ = {isa = PBXFileReference; fileEncoding = 4; lastKnownFileType = sourcecode.c.h; path = pthreadutil.h; sourceTree = "<group>"; };
		D3FC32E00DD1B42D006A3F5A /* socketutil.h */ = {isa = PBXFileReference; fileEncoding = 4; lastKnownFileType = sourcecode.c.h; path = socketutil.h; sourceTree = "<group>"; };
		D3FC32E10DD1B42D006A3F5A /* subrange.h */ = {isa = PBXFileReference; fileEncoding = 4; lastKnownFileType = sourcecode.c.h; path = subrange.h; sourceTree = "<group>"; };
		D3FC32E20DD1B42D006A3F5A /* utf8util.h */ = {isa = PBXFileReference; fileEncoding = 4; lastKnownFileType = sourcecode.c.h; path = utf8util.h; sourceTree = "<group>"; };
		D3FC337A0DD1B4A3006A3F5A /* kana-rule.conf */ = {isa = PBXFileReference; fileEncoding = 4; lastKnownFileType = text; path = "kana-rule.conf"; sourceTree = "<group>"; };
		D3FC337B0DD1B4A3006A3F5A /* keymap.conf */ = {isa = PBXFileReference; fileEncoding = 4; lastKnownFileType = text; path = keymap.conf; sourceTree = "<group>"; };
		D3FC337F0DD1B4A3006A3F5A /* AquaSKK-InputMethod.tif */ = {isa = PBXFileReference; lastKnownFileType = image.tiff; path = "AquaSKK-InputMethod.tif"; sourceTree = "<group>"; };
		D3FC338E0DD1B4B8006A3F5A /* DictionarySet.plist */ = {isa = PBXFileReference; fileEncoding = 4; lastKnownFileType = text.plist.xml; path = DictionarySet.plist; sourceTree = "<group>"; };
		D3FC338F0DD1B4B8006A3F5A /* UserDefaults.plist */ = {isa = PBXFileReference; fileEncoding = 4; lastKnownFileType = text.plist.xml; path = UserDefaults.plist; sourceTree = "<group>"; };
		D3FC33920DD1B52D006A3F5A /* InputMethodKit.framework */ = {isa = PBXFileReference; lastKnownFileType = wrapper.framework; name = InputMethodKit.framework; path = SDKs/MacOSX10.5.sdk/System/Library/Frameworks/InputMethodKit.framework; sourceTree = DEVELOPER_DIR; };
		D3FC33960DD1B53A006A3F5A /* QuartzCore.framework */ = {isa = PBXFileReference; lastKnownFileType = wrapper.framework; name = QuartzCore.framework; path = SDKs/MacOSX10.5.sdk/System/Library/Frameworks/QuartzCore.framework; sourceTree = DEVELOPER_DIR; };
		D3FC339A0DD1B550006A3F5A /* Carbon.framework */ = {isa = PBXFileReference; lastKnownFileType = wrapper.framework; name = Carbon.framework; path = SDKs/MacOSX10.5.sdk/System/Library/Frameworks/Carbon.framework; sourceTree = DEVELOPER_DIR; };
/* End PBXFileReference section */

/* Begin PBXFrameworksBuildPhase section */
		D3FC321F0DD1B09C006A3F5A /* Frameworks */ = {
			isa = PBXFrameworksBuildPhase;
			buildActionMask = 2147483647;
			files = (
				D3FC33930DD1B52D006A3F5A /* InputMethodKit.framework in Frameworks */,
				D3FC33970DD1B53A006A3F5A /* QuartzCore.framework in Frameworks */,
			);
			runOnlyForDeploymentPostprocessing = 0;
		};
		D3FC322E0DD1B102006A3F5A /* Frameworks */ = {
			isa = PBXFrameworksBuildPhase;
			buildActionMask = 2147483647;
			files = (
				D3FC339B0DD1B550006A3F5A /* Carbon.framework in Frameworks */,
			);
			runOnlyForDeploymentPostprocessing = 0;
		};
/* End PBXFrameworksBuildPhase section */

/* Begin PBXGroup section */
		29B97314FDCFA39411CA2CEA /* aquaskk */ = {
			isa = PBXGroup;
			children = (
				D3FC32270DD1B0D2006A3F5A /* Input Method */,
				D3FC32360DD1B121006A3F5A /* Preferences */,
				D3FC322B0DD1B0ED006A3F5A /* Product */,
			);
			name = aquaskk;
			sourceTree = "<group>";
		};
		D33405340DD3F7050028A866 /* bridge */ = {
			isa = PBXGroup;
			children = (
				D3BD0F570E0CE87C000DDBA0 /* SKKInputSessionParameter.h */,
				D352AAF60DD4206A0011453B /* SKKFrontEnd.h */,
				D3BD0F710E0CEE78000DDBA0 /* SKKStateConfiguration.h */,
				D33405380DD3F7050028A866 /* SKKClipboard.h */,
				D3BD0F930E0D4AD9000DDBA0 /* SKKInputModeWindow.h */,
				D352AAF40DD4206A0011453B /* SKKCandidateWindow.h */,
			);
			name = bridge;
			path = ../src/bridge;
			sourceTree = SOURCE_ROOT;
		};
		D3BD0F780E0CF826000DDBA0 /* entry */ = {
			isa = PBXGroup;
			children = (
				D3BD0F7E0E0CF826000DDBA0 /* SKKEntry.h */,
				D3BD0F7D0E0CF826000DDBA0 /* SKKEntry.cpp */,
				D3BD0F7A0E0CF826000DDBA0 /* SKKCandidate.h */,
				D3BD0F790E0CF826000DDBA0 /* SKKCandidate.cpp */,
				D3BD0F7B0E0CF826000DDBA0 /* SKKCandidateParser.h */,
				D3BD0F7C0E0CF826000DDBA0 /* SKKCandidateSuite.h */,
				D3BD0F7F0E0CF826000DDBA0 /* SKKOkuriHint.h */,
			);
			path = entry;
			sourceTree = "<group>";
		};
		D3BE9EDA0DE9424A008802B8 /* gui */ = {
			isa = PBXGroup;
			children = (
				D3BE9EDB0DE9424A008802B8 /* CandidateCell.h */,
				D3BE9EDC0DE9424A008802B8 /* CandidateCell.mm */,
				D3BE9EDD0DE9424A008802B8 /* CandidatePageIndicator.h */,
				D3BE9EDE0DE9424A008802B8 /* CandidatePageIndicator.mm */,
				D3BE9EDF0DE9424A008802B8 /* CandidateView.h */,
				D3BE9EE00DE9424A008802B8 /* CandidateView.mm */,
				D3BE9EE10DE9424A008802B8 /* CandidateWindow.h */,
				D3BE9EE20DE9424A008802B8 /* CandidateWindow.mm */,
				D3BE9EE30DE9424A008802B8 /* CandidateWindowController.h */,
				D3BE9EE40DE9424A008802B8 /* CandidateWindowController.mm */,
				D3BE9EE50DE9424A008802B8 /* InputModeWindow.h */,
				D3BE9EE60DE9424A008802B8 /* InputModeWindow.mm */,
				D3BE9EE70DE9424A008802B8 /* InputModeWindowController.h */,
				D3BE9EE80DE9424A008802B8 /* InputModeWindowController.mm */,
			);
			name = gui;
			path = ../src/platform/mac/gui;
			sourceTree = SOURCE_ROOT;
		};
		D3D4982D0DDC93FB00BCD546 /* server */ = {
			isa = PBXGroup;
			children = (
				D3D4983C0DDC93FB00BCD546 /* main.mm */,
				D3BD0F500E0CA7AA000DDBA0 /* SKKConstVars.h */,
				D3BD0F510E0CA7AA000DDBA0 /* SKKConstVars.mm */,
				D3D5C58C0DFD7C2500017413 /* SKKSupervisor.h */,
				D35377A40DE936B5001A19F7 /* SKKServer.h */,
				D35377A50DE936B5001A19F7 /* SKKServer.mm */,
				D3D5C58A0DFD7C2500017413 /* SKKServerProxy.h */,
				D3D5C58B0DFD7C2500017413 /* SKKServerProxy.mm */,
				D3D498360DDC93FB00BCD546 /* SKKInputController.h */,
				D3D498370DDC93FB00BCD546 /* SKKInputController.mm */,
				D3D498380DDC93FB00BCD546 /* SKKPreProcessor.h */,
				D3D498390DDC93FB00BCD546 /* SKKPreProcessor.mm */,
				D3D5C5890DFD7C2500017413 /* ObjCUtil.h */,
				D3BD0F670E0CEA95000DDBA0 /* MacInputSessionParameter.h */,
				D3BD0F680E0CEA95000DDBA0 /* MacInputSessionParameter.mm */,
				D3BD0F540E0CAA64000DDBA0 /* MacStateConfiguration.h */,
				D3BD0F550E0CAA64000DDBA0 /* MacStateConfiguration.mm */,
				D3D498300DDC93FB00BCD546 /* MacClipboard.h */,
				D3D498310DDC93FB00BCD546 /* MacClipboard.mm */,
				D3D498320DDC93FB00BCD546 /* MacFrontEnd.h */,
				D3D498330DDC93FB00BCD546 /* MacFrontEnd.mm */,
				D3BD0F940E0D4AE8000DDBA0 /* MacInputModeWindow.h */,
				D3BD0F950E0D4AE8000DDBA0 /* MacInputModeWindow.mm */,
				D3BE9ECC0DE94078008802B8 /* MacCandidateWindow.h */,
				D3BE9ECD0DE94078008802B8 /* MacCandidateWindow.mm */,
			);
			name = server;
			path = ../src/platform/mac/server;
			sourceTree = SOURCE_ROOT;
		};
		D3FC32270DD1B0D2006A3F5A /* Input Method */ = {
			isa = PBXGroup;
			children = (
				D3FC32230DD1B09C006A3F5A /* AquaSKK-Info.plist */,
				D3FC322A0DD1B0E7006A3F5A /* Sources */,
				D3FC32290DD1B0DF006A3F5A /* Resources */,
				D3FC32280DD1B0D8006A3F5A /* Frameworks */,
			);
			name = "Input Method";
			sourceTree = "<group>";
		};
		D3FC32280DD1B0D8006A3F5A /* Frameworks */ = {
			isa = PBXGroup;
			children = (
				D3FC33960DD1B53A006A3F5A /* QuartzCore.framework */,
				D3FC33920DD1B52D006A3F5A /* InputMethodKit.framework */,
			);
			name = Frameworks;
			sourceTree = "<group>";
		};
		D3FC32290DD1B0DF006A3F5A /* Resources */ = {
			isa = PBXGroup;
			children = (
				D3FC338D0DD1B4B8006A3F5A /* plist */,
				D3FC33790DD1B4A3006A3F5A /* config */,
				D3FC337C0DD1B4A3006A3F5A /* icons */,
				D31381540DD1D89C0002FF9C /* CandidateWindow.xib */,
				D31381560DD1D8BE0002FF9C /* InputModeWindow.xib */,
				D322B8D00DDC8174002C33F9 /* AquaSKK.xib */,
			);
			name = Resources;
			sourceTree = "<group>";
		};
		D3FC322A0DD1B0E7006A3F5A /* Sources */ = {
			isa = PBXGroup;
			children = (
				D3FC32450DD1B42D006A3F5A /* engine */,
				D33405340DD3F7050028A866 /* bridge */,
				D3D4982D0DDC93FB00BCD546 /* server */,
				D3BE9EDA0DE9424A008802B8 /* gui */,
			);
			name = Sources;
			sourceTree = "<group>";
		};
		D3FC322B0DD1B0ED006A3F5A /* Product */ = {
			isa = PBXGroup;
			children = (
				D3FC32210DD1B09C006A3F5A /* AquaSKK.app */,
				D3FC32300DD1B102006A3F5A /* AquaSKKPreferences.app */,
			);
			name = Product;
			sourceTree = "<group>";
		};
		D3FC32360DD1B121006A3F5A /* Preferences */ = {
			isa = PBXGroup;
			children = (
				D3FC32320DD1B102006A3F5A /* AquaSKKPreferences-Info.plist */,
				D3FC32390DD1B142006A3F5A /* Sources */,
				D3FC32380DD1B13C006A3F5A /* Resources */,
				D3FC32370DD1B134006A3F5A /* Frameworks */,
			);
			name = Preferences;
			sourceTree = "<group>";
		};
		D3FC32370DD1B134006A3F5A /* Frameworks */ = {
			isa = PBXGroup;
			children = (
				D3FC339A0DD1B550006A3F5A /* Carbon.framework */,
			);
			name = Frameworks;
			sourceTree = "<group>";
		};
		D3FC32380DD1B13C006A3F5A /* Resources */ = {
			isa = PBXGroup;
			children = (
				D3FC32420DD1B297006A3F5A /* Preferences.xib */,
			);
			name = Resources;
			sourceTree = "<group>";
		};
		D3FC32390DD1B142006A3F5A /* Sources */ = {
			isa = PBXGroup;
			children = (
				D3FC323C0DD1B175006A3F5A /* main.mm */,
				D3FC323D0DD1B175006A3F5A /* PreferenceController.h */,
				D3FC323E0DD1B175006A3F5A /* PreferenceController.mm */,
				D3FC323A0DD1B175006A3F5A /* DictionarySet.h */,
				D3FC323B0DD1B175006A3F5A /* DictionarySet.mm */,
			);
			name = Sources;
			sourceTree = "<group>";
		};
		D3FC32450DD1B42D006A3F5A /* engine */ = {
			isa = PBXGroup;
			children = (
				D3BD0F780E0CF826000DDBA0 /* entry */,
				D3FC32460DD1B42D006A3F5A /* backend */,
				D3FC32560DD1B42D006A3F5A /* completer */,
				D3FC32610DD1B42D006A3F5A /* dictionary */,
				D3FC32710DD1B42D006A3F5A /* editor */,
				D3FC32880DD1B42D006A3F5A /* keymap */,
				D3FC328E0DD1B42D006A3F5A /* selector */,
				D3FC32960DD1B42D006A3F5A /* session */,
				D3FC329D0DD1B42D006A3F5A /* skkserv */,
				D3FC32A00DD1B42D006A3F5A /* state */,
				D3FC32D40DD1B42D006A3F5A /* trie */,
				D3FC32D90DD1B42D006A3F5A /* utility */,
			);
			name = engine;
			path = ../src/engine;
			sourceTree = SOURCE_ROOT;
		};
		D3FC32460DD1B42D006A3F5A /* backend */ = {
			isa = PBXGroup;
			children = (
				D3FC32470DD1B42D006A3F5A /* SKKBackEnd.cpp */,
				D3FC32480DD1B42D006A3F5A /* SKKBackEnd.h */,
				D3FC32490DD1B42D006A3F5A /* SKKDictionaryCache.cpp */,
				D3FC324A0DD1B42D006A3F5A /* SKKDictionaryCache.h */,
				D3FC324B0DD1B42D006A3F5A /* SKKDictionaryFactory.cpp */,
				D3FC324C0DD1B42D006A3F5A /* SKKDictionaryFactory.h */,
				D3FC324D0DD1B42D006A3F5A /* SKKDictionaryKey.h */,
				D3FC324E0DD1B42D006A3F5A /* SKKNumericConverter.cpp */,
				D3FC324F0DD1B42D006A3F5A /* SKKNumericConverter.h */,
			);
			path = backend;
			sourceTree = "<group>";
		};
		D3FC32560DD1B42D006A3F5A /* completer */ = {
			isa = PBXGroup;
			children = (
				D3FC32570DD1B42D006A3F5A /* SKKCompleter.cpp */,
				D3FC32580DD1B42D006A3F5A /* SKKCompleter.h */,
			);
			path = completer;
			sourceTree = "<group>";
		};
		D3FC32610DD1B42D006A3F5A /* dictionary */ = {
			isa = PBXGroup;
			children = (
				D3FC32640DD1B42D006A3F5A /* SKKBaseDictionary.h */,
				D3FC32660DD1B42D006A3F5A /* SKKCommonDictionary.h */,
				D3FC32650DD1B42D006A3F5A /* SKKCommonDictionary.cpp */,
				D3FC32620DD1B42D006A3F5A /* SKKAutoUpdateDictionary.cpp */,
				D3FC32630DD1B42D006A3F5A /* SKKAutoUpdateDictionary.h */,
				D3FC326E0DD1B42D006A3F5A /* SKKProxyDictionary.h */,
				D3FC326D0DD1B42D006A3F5A /* SKKProxyDictionary.cpp */,
				D3FC326C0DD1B42D006A3F5A /* SKKKotoeriDictionary.h */,
				D3FC326B0DD1B42D006A3F5A /* SKKKotoeriDictionary.cpp */,
				D3FC32700DD1B42D006A3F5A /* SKKUserDictionary.h */,
				D3FC326F0DD1B42D006A3F5A /* SKKUserDictionary.cpp */,
				D3FC32680DD1B42D006A3F5A /* SKKDictionaryFile.h */,
				D3FC32670DD1B42D006A3F5A /* SKKDictionaryFile.cpp */,
				D3FC326A0DD1B42D006A3F5A /* SKKDictionaryKeeper.h */,
				D3FC32690DD1B42D006A3F5A /* SKKDictionaryKeeper.cpp */,
			);
			path = dictionary;
			sourceTree = "<group>";
		};
		D3FC32710DD1B42D006A3F5A /* editor */ = {
			isa = PBXGroup;
			children = (
				D3FC32720DD1B42D006A3F5A /* SKKBaseEditor.h */,
				D3FC327A0DD1B42D006A3F5A /* SKKEditorStack.h */,
				D3FC32790DD1B42D006A3F5A /* SKKEditorStack.cpp */,
				D3FC32780DD1B42D006A3F5A /* SKKContextBuffer.h */,
				D3FC32770DD1B42D006A3F5A /* SKKContextBuffer.cpp */,
				D3FC32800DD1B42D006A3F5A /* SKKPrimaryEditor.h */,
				D3FC327F0DD1B42D006A3F5A /* SKKPrimaryEditor.cpp */,
				D3FC32820DD1B42D006A3F5A /* SKKRegisterEditor.h */,
				D3FC32810DD1B42D006A3F5A /* SKKRegisterEditor.cpp */,
				D3FC32760DD1B42D006A3F5A /* SKKComposingEditor.h */,
				D3FC32750DD1B42D006A3F5A /* SKKComposingEditor.cpp */,
				D3FC327E0DD1B42D006A3F5A /* SKKOkuriEditor.h */,
				D3FC327D0DD1B42D006A3F5A /* SKKOkuriEditor.cpp */,
				D3FC32740DD1B42D006A3F5A /* SKKCandidateEditor.h */,
				D3FC32730DD1B42D006A3F5A /* SKKCandidateEditor.cpp */,
				D3FC327C0DD1B42D006A3F5A /* SKKEntryRemoveEditor.h */,
				D3FC327B0DD1B42D006A3F5A /* SKKEntryRemoveEditor.cpp */,
				D3FC32840DD1B42D006A3F5A /* SKKTextBuffer.h */,
				D3FC32830DD1B42D006A3F5A /* SKKTextBuffer.cpp */,
			);
			path = editor;
			sourceTree = "<group>";
		};
		D3FC32880DD1B42D006A3F5A /* keymap */ = {
			isa = PBXGroup;
			children = (
				D3FC32890DD1B42D006A3F5A /* SKKKeyState.h */,
				D3FC328B0DD1B42D006A3F5A /* SKKKeymap.h */,
				D3FC328A0DD1B42D006A3F5A /* SKKKeymap.cpp */,
				D3FC328D0DD1B42D006A3F5A /* SKKKeymapEntry.h */,
				D3FC328C0DD1B42D006A3F5A /* SKKKeymapEntry.cpp */,
			);
			path = keymap;
			sourceTree = "<group>";
		};
		D3FC328E0DD1B42D006A3F5A /* selector */ = {
			isa = PBXGroup;
			children = (
				D3FC32930DD1B42D006A3F5A /* SKKSelector.h */,
				D3FC32920DD1B42D006A3F5A /* SKKSelector.cpp */,
				D3FC328F0DD1B42D006A3F5A /* SKKBaseSelector.h */,
				D3FC32910DD1B42D006A3F5A /* SKKInlineSelector.h */,
				D3FC32900DD1B42D006A3F5A /* SKKInlineSelector.cpp */,
				D3FC32950DD1B42D006A3F5A /* SKKWindowSelector.h */,
				D3FC32940DD1B42D006A3F5A /* SKKWindowSelector.cpp */,
			);
			path = selector;
			sourceTree = "<group>";
		};
		D3FC32960DD1B42D006A3F5A /* session */ = {
			isa = PBXGroup;
			children = (
				D3FC329C0DD1B42D006A3F5A /* SKKInputSession.h */,
				D3FC329B0DD1B42D006A3F5A /* SKKInputSession.cpp */,
				D3FC32980DD1B42D006A3F5A /* SKKInputEngine.h */,
				D3FC32970DD1B42D006A3F5A /* SKKInputEngine.cpp */,
				D3BD0F760E0CF5FF000DDBA0 /* SKKInputMode.h */,
				D3BD0F750E0CF5FF000DDBA0 /* SKKInputMode.cpp */,
			);
			path = session;
			sourceTree = "<group>";
		};
		D3FC329D0DD1B42D006A3F5A /* skkserv */ = {
			isa = PBXGroup;
			children = (
				D3FC329E0DD1B42D006A3F5A /* skkserv.cpp */,
				D3FC329F0DD1B42D006A3F5A /* skkserv.h */,
			);
			path = skkserv;
			sourceTree = "<group>";
		};
		D3FC32A00DD1B42D006A3F5A /* state */ = {
			isa = PBXGroup;
			children = (
				D3FC32A10DD1B42D006A3F5A /* GenericStateMachine.h */,
				D3FC32A20DD1B42D006A3F5A /* SKKEvent.h */,
				D3FC32A40DD1B42D006A3F5A /* SKKState.h */,
				D3FC32A30DD1B42D006A3F5A /* SKKState.cpp */,
				D3FC32A50DD1B42D006A3F5A /* SKKStateComposing.inc */,
				D3FC32A60DD1B42D006A3F5A /* SKKStateEntryRemove.inc */,
				D3FC32A70DD1B42D006A3F5A /* SKKStateMachine.h */,
				D3FC32A80DD1B42D006A3F5A /* SKKStatePrimary.inc */,
				D3FC32A90DD1B42D006A3F5A /* SKKStateRecursiveRegister.inc */,
			);
			path = state;
			sourceTree = "<group>";
		};
		D3FC32D40DD1B42D006A3F5A /* trie */ = {
			isa = PBXGroup;
			children = (
				D3FC32D50DD1B42D006A3F5A /* SKKRomanKanaConverter.cpp */,
				D3FC32D60DD1B42D006A3F5A /* SKKRomanKanaConverter.h */,
				D3FC32D70DD1B42D006A3F5A /* SKKTrie.cpp */,
				D3FC32D80DD1B42D006A3F5A /* SKKTrie.h */,
			);
			path = trie;
			sourceTree = "<group>";
		};
		D3FC32D90DD1B42D006A3F5A /* utility */ = {
			isa = PBXGroup;
			children = (
				D3FC32DA0DD1B42D006A3F5A /* jconv.cpp */,
				D3FC32DB0DD1B42D006A3F5A /* jconv.h */,
				D3FC32DC0DD1B42D006A3F5A /* jconv_body.inc */,
				D3FC32DD0DD1B42D006A3F5A /* jconv_eucj2ucs.inc */,
				D3FC32DE0DD1B42D006A3F5A /* jconv_ucs2eucj.inc */,
				D3FC32DF0DD1B42D006A3F5A /* pthreadutil.h */,
				D3FC32E00DD1B42D006A3F5A /* socketutil.h */,
				D3FC32E10DD1B42D006A3F5A /* subrange.h */,
				D3FC32E20DD1B42D006A3F5A /* utf8util.h */,
			);
			path = utility;
			sourceTree = "<group>";
		};
		D3FC33790DD1B4A3006A3F5A /* config */ = {
			isa = PBXGroup;
			children = (
				D3FC337A0DD1B4A3006A3F5A /* kana-rule.conf */,
				D3FC337B0DD1B4A3006A3F5A /* keymap.conf */,
			);
			name = config;
			path = ../data/config;
			sourceTree = SOURCE_ROOT;
		};
		D3FC337C0DD1B4A3006A3F5A /* icons */ = {
			isa = PBXGroup;
			children = (
				D3F46BDC0E0E9CE800C2DCBE /* AquaSKK-Ascii.png */,
				D3F46BDD0E0E9CE800C2DCBE /* AquaSKK-Hirakana.png */,
				D3F46BE00E0E9CE800C2DCBE /* AquaSKK-Katakana.png */,
				D3F46BDE0E0E9CE800C2DCBE /* AquaSKK-Jisx0201Kana.png */,
				D3F46BDF0E0E9CE800C2DCBE /* AquaSKK-Jisx0208Latin.png */,
				D3FC337F0DD1B4A3006A3F5A /* AquaSKK-InputMethod.tif */,
			);
			name = icons;
			path = ../data/icons;
			sourceTree = SOURCE_ROOT;
		};
		D3FC338D0DD1B4B8006A3F5A /* plist */ = {
			isa = PBXGroup;
			children = (
				D3FC338E0DD1B4B8006A3F5A /* DictionarySet.plist */,
				D3FC338F0DD1B4B8006A3F5A /* UserDefaults.plist */,
			);
			name = plist;
			path = ../data/plist;
			sourceTree = SOURCE_ROOT;
		};
/* End PBXGroup section */

/* Begin PBXNativeTarget section */
		D3FC32200DD1B09C006A3F5A /* AquaSKK */ = {
			isa = PBXNativeTarget;
			buildConfigurationList = D3FC32260DD1B09C006A3F5A /* Build configuration list for PBXNativeTarget "AquaSKK" */;
			buildPhases = (
				D3FC321D0DD1B09C006A3F5A /* Resources */,
				D3FC321E0DD1B09C006A3F5A /* Sources */,
				D3FC321F0DD1B09C006A3F5A /* Frameworks */,
				D3FC33B70DD1D463006A3F5A /* CopyFiles */,
			);
			buildRules = (
			);
			dependencies = (
				D3FC33B10DD1D438006A3F5A /* PBXTargetDependency */,
			);
			name = AquaSKK;
			productName = AquaSKK;
			productReference = D3FC32210DD1B09C006A3F5A /* AquaSKK.app */;
			productType = "com.apple.product-type.application";
		};
		D3FC322F0DD1B102006A3F5A /* AquaSKKPreferences */ = {
			isa = PBXNativeTarget;
			buildConfigurationList = D3FC32350DD1B102006A3F5A /* Build configuration list for PBXNativeTarget "AquaSKKPreferences" */;
			buildPhases = (
				D3FC322C0DD1B102006A3F5A /* Resources */,
				D3FC322D0DD1B102006A3F5A /* Sources */,
				D3FC322E0DD1B102006A3F5A /* Frameworks */,
			);
			buildRules = (
			);
			dependencies = (
			);
			name = AquaSKKPreferences;
			productName = AquaSKKPreferences;
			productReference = D3FC32300DD1B102006A3F5A /* AquaSKKPreferences.app */;
			productType = "com.apple.product-type.application";
		};
/* End PBXNativeTarget section */

/* Begin PBXProject section */
		29B97313FDCFA39411CA2CEA /* Project object */ = {
			isa = PBXProject;
			buildConfigurationList = C01FCF4E08A954540054247B /* Build configuration list for PBXProject "AquaSKK" */;
			compatibilityVersion = "Xcode 3.0";
			hasScannedForEncodings = 1;
			mainGroup = 29B97314FDCFA39411CA2CEA /* aquaskk */;
			productRefGroup = 29B97314FDCFA39411CA2CEA /* aquaskk */;
			projectDirPath = "";
			projectRoot = "";
			targets = (
				D3FC32200DD1B09C006A3F5A /* AquaSKK */,
				D3FC322F0DD1B102006A3F5A /* AquaSKKPreferences */,
			);
		};
/* End PBXProject section */

/* Begin PBXResourcesBuildPhase section */
		D3FC321D0DD1B09C006A3F5A /* Resources */ = {
			isa = PBXResourcesBuildPhase;
			buildActionMask = 2147483647;
			files = (
				D3FC33840DD1B4A3006A3F5A /* kana-rule.conf in Resources */,
				D3FC33850DD1B4A3006A3F5A /* keymap.conf in Resources */,
				D3FC33880DD1B4A3006A3F5A /* AquaSKK-InputMethod.tif in Resources */,
				D3FC33900DD1B4B8006A3F5A /* DictionarySet.plist in Resources */,
				D3FC33910DD1B4B8006A3F5A /* UserDefaults.plist in Resources */,
				D31381550DD1D89C0002FF9C /* CandidateWindow.xib in Resources */,
				D31381570DD1D8BE0002FF9C /* InputModeWindow.xib in Resources */,
				D322B8D10DDC8174002C33F9 /* AquaSKK.xib in Resources */,
				D3F46BE10E0E9CE800C2DCBE /* AquaSKK-Ascii.png in Resources */,
				D3F46BE20E0E9CE800C2DCBE /* AquaSKK-Hirakana.png in Resources */,
				D3F46BE30E0E9CE800C2DCBE /* AquaSKK-Jisx0201Kana.png in Resources */,
				D3F46BE40E0E9CE800C2DCBE /* AquaSKK-Jisx0208Latin.png in Resources */,
				D3F46BE50E0E9CE800C2DCBE /* AquaSKK-Katakana.png in Resources */,
			);
			runOnlyForDeploymentPostprocessing = 0;
		};
		D3FC322C0DD1B102006A3F5A /* Resources */ = {
			isa = PBXResourcesBuildPhase;
			buildActionMask = 2147483647;
			files = (
				D3FC32430DD1B297006A3F5A /* Preferences.xib in Resources */,
			);
			runOnlyForDeploymentPostprocessing = 0;
		};
/* End PBXResourcesBuildPhase section */

/* Begin PBXSourcesBuildPhase section */
		D3FC321E0DD1B09C006A3F5A /* Sources */ = {
			isa = PBXSourcesBuildPhase;
			buildActionMask = 2147483647;
			files = (
				D3FC32E60DD1B42D006A3F5A /* SKKBackEnd.cpp in Sources */,
				D3FC32E70DD1B42D006A3F5A /* SKKDictionaryCache.cpp in Sources */,
				D3FC32E80DD1B42D006A3F5A /* SKKDictionaryFactory.cpp in Sources */,
				D3FC32E90DD1B42D006A3F5A /* SKKNumericConverter.cpp in Sources */,
				D3FC32EB0DD1B42D006A3F5A /* SKKCompleter.cpp in Sources */,
				D3FC32EF0DD1B42D006A3F5A /* SKKAutoUpdateDictionary.cpp in Sources */,
				D3FC32F00DD1B42D006A3F5A /* SKKCommonDictionary.cpp in Sources */,
				D3FC32F10DD1B42D006A3F5A /* SKKDictionaryFile.cpp in Sources */,
				D3FC32F20DD1B42D006A3F5A /* SKKDictionaryKeeper.cpp in Sources */,
				D3FC32F30DD1B42D006A3F5A /* SKKKotoeriDictionary.cpp in Sources */,
				D3FC32F40DD1B42D006A3F5A /* SKKProxyDictionary.cpp in Sources */,
				D3FC32F50DD1B42D006A3F5A /* SKKUserDictionary.cpp in Sources */,
				D3FC32F60DD1B42D006A3F5A /* SKKCandidateEditor.cpp in Sources */,
				D3FC32F70DD1B42D006A3F5A /* SKKComposingEditor.cpp in Sources */,
				D3FC32F80DD1B42D006A3F5A /* SKKContextBuffer.cpp in Sources */,
				D3FC32F90DD1B42D006A3F5A /* SKKEditorStack.cpp in Sources */,
				D3FC32FA0DD1B42D006A3F5A /* SKKEntryRemoveEditor.cpp in Sources */,
				D3FC32FB0DD1B42D006A3F5A /* SKKOkuriEditor.cpp in Sources */,
				D3FC32FC0DD1B42D006A3F5A /* SKKPrimaryEditor.cpp in Sources */,
				D3FC32FD0DD1B42D006A3F5A /* SKKRegisterEditor.cpp in Sources */,
				D3FC32FE0DD1B42D006A3F5A /* SKKTextBuffer.cpp in Sources */,
				D3FC33000DD1B42D006A3F5A /* SKKKeymap.cpp in Sources */,
				D3FC33010DD1B42D006A3F5A /* SKKKeymapEntry.cpp in Sources */,
				D3FC33020DD1B42D006A3F5A /* SKKInlineSelector.cpp in Sources */,
				D3FC33030DD1B42D006A3F5A /* SKKSelector.cpp in Sources */,
				D3FC33040DD1B42D006A3F5A /* SKKWindowSelector.cpp in Sources */,
				D3FC33050DD1B42D006A3F5A /* SKKInputEngine.cpp in Sources */,
				D3FC33070DD1B42D006A3F5A /* SKKInputSession.cpp in Sources */,
				D3FC33080DD1B42D006A3F5A /* skkserv.cpp in Sources */,
				D3FC33090DD1B42D006A3F5A /* SKKState.cpp in Sources */,
				D3FC330A0DD1B42D006A3F5A /* SKKStateComposing.inc in Sources */,
				D3FC330B0DD1B42D006A3F5A /* SKKStateEntryRemove.inc in Sources */,
				D3FC330C0DD1B42D006A3F5A /* SKKStatePrimary.inc in Sources */,
				D3FC330D0DD1B42D006A3F5A /* SKKStateRecursiveRegister.inc in Sources */,
				D3FC33340DD1B42D006A3F5A /* SKKRomanKanaConverter.cpp in Sources */,
				D3FC33350DD1B42D006A3F5A /* SKKTrie.cpp in Sources */,
				D3FC33360DD1B42D006A3F5A /* jconv.cpp in Sources */,
				D3FC33370DD1B42D006A3F5A /* jconv_body.inc in Sources */,
				D3FC33380DD1B42D006A3F5A /* jconv_eucj2ucs.inc in Sources */,
				D3FC33390DD1B42D006A3F5A /* jconv_ucs2eucj.inc in Sources */,
				D3D4983E0DDC93FB00BCD546 /* MacClipboard.mm in Sources */,
				D3D4983F0DDC93FB00BCD546 /* MacFrontEnd.mm in Sources */,
				D3D498410DDC93FB00BCD546 /* SKKInputController.mm in Sources */,
				D3D498420DDC93FB00BCD546 /* SKKPreProcessor.mm in Sources */,
				D3D498440DDC93FB00BCD546 /* main.mm in Sources */,
				D35377A60DE936B5001A19F7 /* SKKServer.mm in Sources */,
				D3BE9ED00DE94078008802B8 /* MacCandidateWindow.mm in Sources */,
				D3BE9EE90DE9424A008802B8 /* CandidateCell.mm in Sources */,
				D3BE9EEA0DE9424A008802B8 /* CandidatePageIndicator.mm in Sources */,
				D3BE9EEB0DE9424A008802B8 /* CandidateView.mm in Sources */,
				D3BE9EEC0DE9424A008802B8 /* CandidateWindow.mm in Sources */,
				D3BE9EED0DE9424A008802B8 /* CandidateWindowController.mm in Sources */,
				D3BE9EEE0DE9424A008802B8 /* InputModeWindow.mm in Sources */,
				D3BE9EEF0DE9424A008802B8 /* InputModeWindowController.mm in Sources */,
				D3D5C58D0DFD7C2500017413 /* SKKServerProxy.mm in Sources */,
				D3BD0F520E0CA7AA000DDBA0 /* SKKConstVars.mm in Sources */,
				D3BD0F560E0CAA64000DDBA0 /* MacStateConfiguration.mm in Sources */,
				D3BD0F690E0CEA95000DDBA0 /* MacInputSessionParameter.mm in Sources */,
				D3BD0F770E0CF5FF000DDBA0 /* SKKInputMode.cpp in Sources */,
				D3BD0F800E0CF826000DDBA0 /* SKKCandidate.cpp in Sources */,
				D3BD0F810E0CF826000DDBA0 /* SKKEntry.cpp in Sources */,
				D3BD0F960E0D4AE8000DDBA0 /* MacInputModeWindow.mm in Sources */,
			);
			runOnlyForDeploymentPostprocessing = 0;
		};
		D3FC322D0DD1B102006A3F5A /* Sources */ = {
			isa = PBXSourcesBuildPhase;
			buildActionMask = 2147483647;
			files = (
				D3FC323F0DD1B175006A3F5A /* DictionarySet.mm in Sources */,
				D3FC32400DD1B175006A3F5A /* main.mm in Sources */,
				D3FC32410DD1B175006A3F5A /* PreferenceController.mm in Sources */,
				D3D5C58E0DFD7C4600017413 /* SKKServerProxy.mm in Sources */,
				D3BD0F530E0CA7AA000DDBA0 /* SKKConstVars.mm in Sources */,
			);
			runOnlyForDeploymentPostprocessing = 0;
		};
/* End PBXSourcesBuildPhase section */

/* Begin PBXTargetDependency section */
		D3FC33B10DD1D438006A3F5A /* PBXTargetDependency */ = {
			isa = PBXTargetDependency;
			target = D3FC322F0DD1B102006A3F5A /* AquaSKKPreferences */;
			targetProxy = D3FC33B00DD1D438006A3F5A /* PBXContainerItemProxy */;
		};
/* End PBXTargetDependency section */

/* Begin XCBuildConfiguration section */
		C01FCF4F08A954540054247B /* Debug */ = {
			isa = XCBuildConfiguration;
			buildSettings = {
				GCC_WARN_ABOUT_RETURN_TYPE = YES;
				GCC_WARN_UNUSED_VARIABLE = YES;
				PREBINDING = NO;
				SDKROOT = "$(DEVELOPER_SDK_DIR)/MacOSX10.5.sdk";
			};
			name = Debug;
		};
		C01FCF5008A954540054247B /* Release */ = {
			isa = XCBuildConfiguration;
			buildSettings = {
				ARCHS = (
					ppc,
					i386,
				);
				GCC_WARN_ABOUT_RETURN_TYPE = YES;
				GCC_WARN_UNUSED_VARIABLE = YES;
				PREBINDING = NO;
				SDKROOT = "$(DEVELOPER_SDK_DIR)/MacOSX10.5.sdk";
			};
			name = Release;
		};
		D3FC32240DD1B09C006A3F5A /* Debug */ = {
			isa = XCBuildConfiguration;
			buildSettings = {
				COPY_PHASE_STRIP = NO;
				FRAMEWORK_SEARCH_PATHS = (
					"$(inherited)",
					"\"$(DEVELOPER_DIR)/SDKs/MacOSX10.5.sdk/System/Library/Frameworks\"",
				);
				GCC_DYNAMIC_NO_PIC = NO;
				GCC_ENABLE_FIX_AND_CONTINUE = YES;
				GCC_ENABLE_OBJC_GC = unsupported;
				GCC_MODEL_TUNING = "";
				GCC_OPTIMIZATION_LEVEL = 0;
				GCC_PRECOMPILE_PREFIX_HEADER = YES;
				GCC_PREFIX_HEADER = aquaskk_Prefix.pch;
				INFOPLIST_FILE = "AquaSKK-Info.plist";
				INSTALL_PATH = "$(HOME)/Applications";
				OTHER_LDFLAGS = (
					"-framework",
					Foundation,
					"-framework",
					AppKit,
				);
				PREBINDING = NO;
				PRODUCT_NAME = AquaSKK;
				WRAPPER_EXTENSION = app;
				ZERO_LINK = YES;
			};
			name = Debug;
		};
		D3FC32250DD1B09C006A3F5A /* Release */ = {
			isa = XCBuildConfiguration;
			buildSettings = {
				COPY_PHASE_STRIP = YES;
				DEBUG_INFORMATION_FORMAT = "dwarf-with-dsym";
				FRAMEWORK_SEARCH_PATHS = (
					"$(inherited)",
					"\"$(DEVELOPER_DIR)/SDKs/MacOSX10.5.sdk/System/Library/Frameworks\"",
				);
				GCC_ENABLE_FIX_AND_CONTINUE = NO;
				GCC_ENABLE_OBJC_GC = unsupported;
				GCC_MODEL_TUNING = "";
				GCC_PRECOMPILE_PREFIX_HEADER = YES;
				GCC_PREFIX_HEADER = aquaskk_Prefix.pch;
				INFOPLIST_FILE = "AquaSKK-Info.plist";
				INSTALL_PATH = "$(HOME)/Applications";
				OTHER_LDFLAGS = (
					"-framework",
					Foundation,
					"-framework",
					AppKit,
				);
				PREBINDING = NO;
				PRODUCT_NAME = AquaSKK;
				WRAPPER_EXTENSION = app;
				ZERO_LINK = NO;
			};
			name = Release;
		};
		D3FC32330DD1B102006A3F5A /* Debug */ = {
			isa = XCBuildConfiguration;
			buildSettings = {
				COPY_PHASE_STRIP = NO;
				FRAMEWORK_SEARCH_PATHS = (
					"$(inherited)",
					"\"$(DEVELOPER_DIR)/SDKs/MacOSX10.5.sdk/System/Library/Frameworks\"",
				);
				GCC_DYNAMIC_NO_PIC = NO;
				GCC_ENABLE_FIX_AND_CONTINUE = YES;
				GCC_MODEL_TUNING = G5;
				GCC_OPTIMIZATION_LEVEL = 0;
				GCC_PRECOMPILE_PREFIX_HEADER = YES;
				GCC_PREFIX_HEADER = aquaskk_Prefix.pch;
				INFOPLIST_FILE = "AquaSKKPreferences-Info.plist";
				INSTALL_PATH = "$(HOME)/Applications";
				OTHER_LDFLAGS = (
					"-framework",
					Foundation,
					"-framework",
					AppKit,
				);
				PREBINDING = NO;
				PRODUCT_NAME = AquaSKKPreferences;
				WRAPPER_EXTENSION = app;
				ZERO_LINK = YES;
			};
			name = Debug;
		};
		D3FC32340DD1B102006A3F5A /* Release */ = {
			isa = XCBuildConfiguration;
			buildSettings = {
				COPY_PHASE_STRIP = YES;
				DEBUG_INFORMATION_FORMAT = "dwarf-with-dsym";
				FRAMEWORK_SEARCH_PATHS = (
					"$(inherited)",
					"\"$(DEVELOPER_DIR)/SDKs/MacOSX10.5.sdk/System/Library/Frameworks\"",
				);
				GCC_ENABLE_FIX_AND_CONTINUE = NO;
				GCC_MODEL_TUNING = G5;
				GCC_PRECOMPILE_PREFIX_HEADER = YES;
				GCC_PREFIX_HEADER = aquaskk_Prefix.pch;
				INFOPLIST_FILE = "AquaSKKPreferences-Info.plist";
				INSTALL_PATH = "$(HOME)/Applications";
				OTHER_LDFLAGS = (
					"-framework",
					Foundation,
					"-framework",
					AppKit,
				);
				PREBINDING = NO;
				PRODUCT_NAME = AquaSKKPreferences;
				WRAPPER_EXTENSION = app;
				ZERO_LINK = NO;
			};
			name = Release;
		};
/* End XCBuildConfiguration section */

/* Begin XCConfigurationList section */
		C01FCF4E08A954540054247B /* Build configuration list for PBXProject "AquaSKK" */ = {
			isa = XCConfigurationList;
			buildConfigurations = (
				C01FCF4F08A954540054247B /* Debug */,
				C01FCF5008A954540054247B /* Release */,
			);
			defaultConfigurationIsVisible = 0;
			defaultConfigurationName = Release;
		};
		D3FC32260DD1B09C006A3F5A /* Build configuration list for PBXNativeTarget "AquaSKK" */ = {
			isa = XCConfigurationList;
			buildConfigurations = (
				D3FC32240DD1B09C006A3F5A /* Debug */,
				D3FC32250DD1B09C006A3F5A /* Release */,
			);
			defaultConfigurationIsVisible = 0;
			defaultConfigurationName = Release;
		};
		D3FC32350DD1B102006A3F5A /* Build configuration list for PBXNativeTarget "AquaSKKPreferences" */ = {
			isa = XCConfigurationList;
			buildConfigurations = (
				D3FC32330DD1B102006A3F5A /* Debug */,
				D3FC32340DD1B102006A3F5A /* Release */,
			);
			defaultConfigurationIsVisible = 0;
			defaultConfigurationName = Release;
		};
/* End XCConfigurationList section */
	};
	rootObject = 29B97313FDCFA39411CA2CEA /* Project object */;
}
